
Microsoft Visual Studio Solution File, Format Version 12.00
# Visual Studio Version 17
VisualStudioVersion = 17.0.31423.177
MinimumVisualStudioVersion = 10.0.40219.1
Project("{8BC9CEB8-8B4A-11D0-8D11-00A0C91BC942}") = "vk_api", "vk_api\temp2.vcxproj", "{81378CDB-CB2D-4046-BE0B-CB7B32FC4573}"
EndProject
Project("{8BC9CEB8-8B4A-11D0-8D11-00A0C91BC942}") = "SFML_sliders", "SFML_logo_interprenter\SFML_logo_interprenter.vcxproj", "{657B3304-5907-444B-8043-CEA365CFA359}"
EndProject
Project("{8BC9CEB8-8B4A-11D0-8D11-00A0C91BC942}") = "OpenGL_elastic_collisions", "sfml_grapher\sfml_grapher.vcxproj", "{343BAB70-446D-4129-A63A-1DC3727EF3D0}"
EndProject
Project("{8BC9CEB8-8B4A-11D0-8D11-00A0C91BC942}") = "long_float_stuff", "long_float_stuff\temp5.vcxproj", "{CF980384-CFBB-4FFA-94E5-84802970E185}"
EndProject
Project("{8BC9CEB8-8B4A-11D0-8D11-00A0C91BC942}") = "life_simulation", "SFML_life_simulation\SFML_life_simulation.vcxproj", "{F4BE12D9-7A54-43E9-A5C8-7E9466BAB0E4}"
EndProject
Project("{8BC9CEB8-8B4A-11D0-8D11-00A0C91BC942}") = "temp_lib", "temp_lib\temp_lib.vcxproj", "{1E0836BA-A2A8-437D-A083-F897B8F11EEC}"
EndProject
Project("{8BC9CEB8-8B4A-11D0-8D11-00A0C91BC942}") = "code_injecter", "code_injecter\temp.vcxproj", "{179853E6-C447-43E6-B829-82ACB1D67C07}"
EndProject
Project("{8BC9CEB8-8B4A-11D0-8D11-00A0C91BC942}") = "OpenGL_example", "temp7\temp7.vcxproj", "{3626F764-4316-463F-9A1F-2B47BA9593CB}"
EndProject
Project("{8BC9CEB8-8B4A-11D0-8D11-00A0C91BC942}") = "OpenCL_test", "temp10\temp10.vcxproj", "{4B8D4510-F904-434F-B895-4D5DCE39B0F2}"
EndProject
Project("{8BC9CEB8-8B4A-11D0-8D11-00A0C91BC942}") = "OpenGL-test", "OpenGL-wgl\OpenGL-wgl.vcxproj", "{CE9CA836-8DBF-46E8-B56E-D8DB91C3A4A9}"
EndProject
Project("{8BC9CEB8-8B4A-11D0-8D11-00A0C91BC942}") = "test_nolibs", "test_nolibs\test_nolibs.vcxproj", "{4F2B0FEC-2755-465F-8E31-362FC6792E14}"
EndProject
Project("{8BC9CEB8-8B4A-11D0-8D11-00A0C91BC942}") = "test_avx512", "test_avx512\test_avx512.vcxproj", "{7BAF4315-83C8-4EF3-BECE-0CD811969815}"
EndProject
Project("{8BC9CEB8-8B4A-11D0-8D11-00A0C91BC942}") = "handmade_3d_graphics", "temp13\temp13.vcxproj", "{A09DCE8F-A142-4719-BE27-9968B782A91E}"
EndProject
Project("{8BC9CEB8-8B4A-11D0-8D11-00A0C91BC942}") = "vpc", "vpc\vpc.vcxproj", "{EEFF5FE4-138E-4DB1-9E27-155178293ACB}"
EndProject
Project("{8BC9CEB8-8B4A-11D0-8D11-00A0C91BC942}") = "equal_sum_split_checker", "temp14\temp14.vcxproj", "{663A512B-6250-4E27-BB43-F7E6645685F1}"
EndProject
Project("{8BC9CEB8-8B4A-11D0-8D11-00A0C91BC942}") = "VulkanStudy", "VulkanStudy\VulkanStudy.vcxproj", "{DFA7A8D9-2773-4A2E-8A10-C8EE5859108B}"
EndProject
Project("{8BC9CEB8-8B4A-11D0-8D11-00A0C91BC942}") = "VulkanStudy_helper", "VulkanStudy_helper\VulkanStudy_helper.vcxproj", "{5C1CBFD8-F7A4-430C-900F-F40093A4EEC1}"
EndProject
Project("{8BC9CEB8-8B4A-11D0-8D11-00A0C91BC942}") = "mandelbrot_set_cpu", "mandelbrot_set_cpu\mandelbrot_set_cpu.vcxproj", "{E72AF0C9-C802-4942-B97B-8958F123874E}"
EndProject
Project("{8BC9CEB8-8B4A-11D0-8D11-00A0C91BC942}") = "SoftBody", "SoftBody\SoftBody.vcxproj", "{A05163F0-2C9A-4DAF-B6AF-98CC9FA152A0}"
EndProject
Project("{8BC9CEB8-8B4A-11D0-8D11-00A0C91BC942}") = "vulkan_play_around", "vulkan_play_around\vulkan_play_around.vcxproj", "{B65E6CA5-3DFD-44AB-BEE7-93590BBBE7DD}"
EndProject
Project("{8BC9CEB8-8B4A-11D0-8D11-00A0C91BC942}") = "polynomials", "temp15\temp15.vcxproj", "{595A57A5-47FD-4524-95C5-6644B0502A4D}"
EndProject
Project("{2150E333-8FDC-42A3-9474-1A3956D46DE8}") = "Solution Items", "Solution Items", "{B6077C57-9D06-4897-BD1C-EAF280D1C666}"
	ProjectSection(SolutionItems) = preProject
		.gitignore = .gitignore
	EndProjectSection
EndProject
Project("{8BC9CEB8-8B4A-11D0-8D11-00A0C91BC942}") = "OpenGL_plotter", "OpenGL_plotter\OpenGL_plotter.vcxproj", "{BF029D44-4BA4-4FD7-98DF-5840D0042449}"
EndProject
Project("{8BC9CEB8-8B4A-11D0-8D11-00A0C91BC942}") = "hashtable_builder", "hashtable_builder\hashtable_builder.vcxproj", "{097C66C8-D1FD-4128-A234-4C3E30848C77}"
EndProject
Project("{8BC9CEB8-8B4A-11D0-8D11-00A0C91BC942}") = "sieve_of_eratosthenes", "sieve_of_eratosthenes\sieve_of_eratosthenes.vcxproj", "{F39B0F75-9830-4F73-A3BC-CF1A60C929B4}"
EndProject
Project("{8BC9CEB8-8B4A-11D0-8D11-00A0C91BC942}") = "noise", "temp17\temp17.vcxproj", "{6880A668-3120-4813-8A58-E0255F49B794}"
EndProject
Project("{8BC9CEB8-8B4A-11D0-8D11-00A0C91BC942}") = "leetcode_template", "temp18\temp18.vcxproj", "{60F0E48E-ACE3-43C5-A796-4BA92A034785}"
EndProject
Project("{8BC9CEB8-8B4A-11D0-8D11-00A0C91BC942}") = "number_theory_playground", "temp19\temp19.vcxproj", "{E0FF4DDD-FFAB-4CDC-A299-5CD286F9B9CE}"
EndProject
Project("{8BC9CEB8-8B4A-11D0-8D11-00A0C91BC942}") = "clang_thing", "clang_thing\clang_thing.vcxproj", "{53DC09BD-4AFA-483C-9CCE-6EDA83D085C3}"
EndProject
Project("{8BC9CEB8-8B4A-11D0-8D11-00A0C91BC942}") = "calculus_stuff", "calculus_stuff\calculus_stuff.vcxproj", "{FBFDBDCC-2949-4AF9-9646-85B6EF430C6B}"
EndProject
Project("{8BC9CEB8-8B4A-11D0-8D11-00A0C91BC942}") = "caesar", "caesar\caesar.vcxproj", "{B5398F14-1981-41BB-BF4D-FCA68D08BD6F}"
EndProject
Project("{8BC9CEB8-8B4A-11D0-8D11-00A0C91BC942}") = "wilcoxon_test", "temp20\temp20.vcxproj", "{D77A6EA9-82C8-48B1-9E7D-66121DDE884B}"
EndProject
Project("{8BC9CEB8-8B4A-11D0-8D11-00A0C91BC942}") = "precise_stdnorm", "temp21\temp21.vcxproj", "{4764C500-589A-431F-86DB-C354FFF66750}"
EndProject
Project("{8BC9CEB8-8B4A-11D0-8D11-00A0C91BC942}") = "lightbeam", "lightbeam\lightbeam.vcxproj", "{B090A427-CA07-4317-9810-B0C736C63EA3}"
EndProject
Project("{8BC9CEB8-8B4A-11D0-8D11-00A0C91BC942}") = "arithmetic_coding_alternative", "arithmetic_coding_alternative\arithmetic_coding_alternative.vcxproj", "{E5F2B3B7-B135-4093-831D-67630D3ED9AC}"
EndProject
Project("{8BC9CEB8-8B4A-11D0-8D11-00A0C91BC942}") = "magic_square_of_squares", "magic_square_of_squares\magic_square_of_squares.vcxproj", "{33F7969F-4203-4A4B-AD14-047968B19FD0}"
EndProject
Project("{8BC9CEB8-8B4A-11D0-8D11-00A0C91BC942}") = "dircmp", "dircmp\dircmp.vcxproj", "{BFCDEEE1-2E3A-4687-BA5B-191FEC14A238}"
EndProject
Project("{8BC9CEB8-8B4A-11D0-8D11-00A0C91BC942}") = "sudoku", "sudoku\sudoku.vcxproj", "{C44D34DE-59C9-471C-86E1-544802523631}"
EndProject
Project("{8BC9CEB8-8B4A-11D0-8D11-00A0C91BC942}") = "opengl_noise", "opengl_noise\opengl_noise.vcxproj", "{D9581A08-BC13-4D8C-AB1B-0F0ADDE0B1A3}"
EndProject
Project("{8BC9CEB8-8B4A-11D0-8D11-00A0C91BC942}") = "sfml_test", "sfml_test\sfml_test.vcxproj", "{5923A5D5-249A-402F-B6A3-D71CA83652EF}"
EndProject
Project("{8BC9CEB8-8B4A-11D0-8D11-00A0C91BC942}") = "temp_linux", "temp_linux\temp_linux.vcxproj", "{101A5BD2-D291-4C21-9A65-043E7F7C2D89}"
EndProject
Project("{8BC9CEB8-8B4A-11D0-8D11-00A0C91BC942}") = "redundancy_tables_builder", "redundancy_tables_builder\redundancy_tables_builder.vcxproj", "{32D0E899-DAC0-4080-8BF2-B17D010936CF}"
EndProject
Project("{8BC9CEB8-8B4A-11D0-8D11-00A0C91BC942}") = "temp22", "temp22\temp22.vcxproj", "{889BFD31-93C9-47EB-A7B1-1C629B4C3AF0}"
EndProject
Project("{8BC9CEB8-8B4A-11D0-8D11-00A0C91BC942}") = "pure_c_csv_parser", "pure_c_csv_parser\pure_c_csv_parser.vcxproj", "{5379A75F-D8BD-4CF1-9AF5-0DBE3AC23CAC}"
EndProject
Project("{8BC9CEB8-8B4A-11D0-8D11-00A0C91BC942}") = "cpp_web_ui", "cpp_web_ui\cpp_web_ui.vcxproj", "{B9BCE89D-306E-4FA5-81D5-9D0BABAAE021}"
EndProject
Global
	GlobalSection(SolutionConfigurationPlatforms) = preSolution
		Debug|x64 = Debug|x64
		Debug|x86 = Debug|x86
		Release|x64 = Release|x64
		Release|x86 = Release|x86
	EndGlobalSection
	GlobalSection(ProjectConfigurationPlatforms) = postSolution
		{81378CDB-CB2D-4046-BE0B-CB7B32FC4573}.Debug|x64.ActiveCfg = Debug|x64
		{81378CDB-CB2D-4046-BE0B-CB7B32FC4573}.Debug|x64.Build.0 = Debug|x64
		{81378CDB-CB2D-4046-BE0B-CB7B32FC4573}.Debug|x86.ActiveCfg = Debug|Win32
		{81378CDB-CB2D-4046-BE0B-CB7B32FC4573}.Debug|x86.Build.0 = Debug|Win32
		{81378CDB-CB2D-4046-BE0B-CB7B32FC4573}.Release|x64.ActiveCfg = Release|x64
		{81378CDB-CB2D-4046-BE0B-CB7B32FC4573}.Release|x64.Build.0 = Release|x64
		{81378CDB-CB2D-4046-BE0B-CB7B32FC4573}.Release|x86.ActiveCfg = Release|Win32
		{81378CDB-CB2D-4046-BE0B-CB7B32FC4573}.Release|x86.Build.0 = Release|Win32
		{657B3304-5907-444B-8043-CEA365CFA359}.Debug|x64.ActiveCfg = Debug|x64
		{657B3304-5907-444B-8043-CEA365CFA359}.Debug|x64.Build.0 = Debug|x64
		{657B3304-5907-444B-8043-CEA365CFA359}.Debug|x86.ActiveCfg = Debug|Win32
		{657B3304-5907-444B-8043-CEA365CFA359}.Debug|x86.Build.0 = Debug|Win32
		{657B3304-5907-444B-8043-CEA365CFA359}.Release|x64.ActiveCfg = Release|x64
		{657B3304-5907-444B-8043-CEA365CFA359}.Release|x64.Build.0 = Release|x64
		{657B3304-5907-444B-8043-CEA365CFA359}.Release|x86.ActiveCfg = Release|Win32
		{657B3304-5907-444B-8043-CEA365CFA359}.Release|x86.Build.0 = Release|Win32
		{343BAB70-446D-4129-A63A-1DC3727EF3D0}.Debug|x64.ActiveCfg = Debug|x64
		{343BAB70-446D-4129-A63A-1DC3727EF3D0}.Debug|x64.Build.0 = Debug|x64
		{343BAB70-446D-4129-A63A-1DC3727EF3D0}.Debug|x86.ActiveCfg = Debug|Win32
		{343BAB70-446D-4129-A63A-1DC3727EF3D0}.Debug|x86.Build.0 = Debug|Win32
		{343BAB70-446D-4129-A63A-1DC3727EF3D0}.Release|x64.ActiveCfg = Release|x64
		{343BAB70-446D-4129-A63A-1DC3727EF3D0}.Release|x64.Build.0 = Release|x64
		{343BAB70-446D-4129-A63A-1DC3727EF3D0}.Release|x86.ActiveCfg = Release|Win32
		{343BAB70-446D-4129-A63A-1DC3727EF3D0}.Release|x86.Build.0 = Release|Win32
		{CF980384-CFBB-4FFA-94E5-84802970E185}.Debug|x64.ActiveCfg = Debug|x64
		{CF980384-CFBB-4FFA-94E5-84802970E185}.Debug|x64.Build.0 = Debug|x64
		{CF980384-CFBB-4FFA-94E5-84802970E185}.Debug|x86.ActiveCfg = Debug|Win32
		{CF980384-CFBB-4FFA-94E5-84802970E185}.Debug|x86.Build.0 = Debug|Win32
		{CF980384-CFBB-4FFA-94E5-84802970E185}.Release|x64.ActiveCfg = Release|x64
		{CF980384-CFBB-4FFA-94E5-84802970E185}.Release|x64.Build.0 = Release|x64
		{CF980384-CFBB-4FFA-94E5-84802970E185}.Release|x86.ActiveCfg = Release|Win32
		{CF980384-CFBB-4FFA-94E5-84802970E185}.Release|x86.Build.0 = Release|Win32
		{F4BE12D9-7A54-43E9-A5C8-7E9466BAB0E4}.Debug|x64.ActiveCfg = Debug|x64
		{F4BE12D9-7A54-43E9-A5C8-7E9466BAB0E4}.Debug|x64.Build.0 = Debug|x64
		{F4BE12D9-7A54-43E9-A5C8-7E9466BAB0E4}.Debug|x86.ActiveCfg = Debug|Win32
		{F4BE12D9-7A54-43E9-A5C8-7E9466BAB0E4}.Debug|x86.Build.0 = Debug|Win32
		{F4BE12D9-7A54-43E9-A5C8-7E9466BAB0E4}.Release|x64.ActiveCfg = Release|x64
		{F4BE12D9-7A54-43E9-A5C8-7E9466BAB0E4}.Release|x64.Build.0 = Release|x64
		{F4BE12D9-7A54-43E9-A5C8-7E9466BAB0E4}.Release|x86.ActiveCfg = Release|Win32
		{F4BE12D9-7A54-43E9-A5C8-7E9466BAB0E4}.Release|x86.Build.0 = Release|Win32
		{1E0836BA-A2A8-437D-A083-F897B8F11EEC}.Debug|x64.ActiveCfg = Debug|x64
		{1E0836BA-A2A8-437D-A083-F897B8F11EEC}.Debug|x64.Build.0 = Debug|x64
		{1E0836BA-A2A8-437D-A083-F897B8F11EEC}.Debug|x86.ActiveCfg = Debug|Win32
		{1E0836BA-A2A8-437D-A083-F897B8F11EEC}.Debug|x86.Build.0 = Debug|Win32
		{1E0836BA-A2A8-437D-A083-F897B8F11EEC}.Release|x64.ActiveCfg = Release|x64
		{1E0836BA-A2A8-437D-A083-F897B8F11EEC}.Release|x64.Build.0 = Release|x64
		{1E0836BA-A2A8-437D-A083-F897B8F11EEC}.Release|x86.ActiveCfg = Release|Win32
		{1E0836BA-A2A8-437D-A083-F897B8F11EEC}.Release|x86.Build.0 = Release|Win32
		{179853E6-C447-43E6-B829-82ACB1D67C07}.Debug|x64.ActiveCfg = Debug|x64
		{179853E6-C447-43E6-B829-82ACB1D67C07}.Debug|x64.Build.0 = Debug|x64
		{179853E6-C447-43E6-B829-82ACB1D67C07}.Debug|x86.ActiveCfg = Debug|Win32
		{179853E6-C447-43E6-B829-82ACB1D67C07}.Debug|x86.Build.0 = Debug|Win32
		{179853E6-C447-43E6-B829-82ACB1D67C07}.Release|x64.ActiveCfg = Release|x64
		{179853E6-C447-43E6-B829-82ACB1D67C07}.Release|x64.Build.0 = Release|x64
		{179853E6-C447-43E6-B829-82ACB1D67C07}.Release|x86.ActiveCfg = Release|Win32
		{179853E6-C447-43E6-B829-82ACB1D67C07}.Release|x86.Build.0 = Release|Win32
		{3626F764-4316-463F-9A1F-2B47BA9593CB}.Debug|x64.ActiveCfg = Debug|x64
		{3626F764-4316-463F-9A1F-2B47BA9593CB}.Debug|x64.Build.0 = Debug|x64
		{3626F764-4316-463F-9A1F-2B47BA9593CB}.Debug|x86.ActiveCfg = Debug|Win32
		{3626F764-4316-463F-9A1F-2B47BA9593CB}.Debug|x86.Build.0 = Debug|Win32
		{3626F764-4316-463F-9A1F-2B47BA9593CB}.Release|x64.ActiveCfg = Release|x64
		{3626F764-4316-463F-9A1F-2B47BA9593CB}.Release|x64.Build.0 = Release|x64
		{3626F764-4316-463F-9A1F-2B47BA9593CB}.Release|x86.ActiveCfg = Release|Win32
		{3626F764-4316-463F-9A1F-2B47BA9593CB}.Release|x86.Build.0 = Release|Win32
		{4B8D4510-F904-434F-B895-4D5DCE39B0F2}.Debug|x64.ActiveCfg = Debug|x64
		{4B8D4510-F904-434F-B895-4D5DCE39B0F2}.Debug|x64.Build.0 = Debug|x64
		{4B8D4510-F904-434F-B895-4D5DCE39B0F2}.Debug|x86.ActiveCfg = Debug|Win32
		{4B8D4510-F904-434F-B895-4D5DCE39B0F2}.Debug|x86.Build.0 = Debug|Win32
		{4B8D4510-F904-434F-B895-4D5DCE39B0F2}.Release|x64.ActiveCfg = Release|x64
		{4B8D4510-F904-434F-B895-4D5DCE39B0F2}.Release|x64.Build.0 = Release|x64
		{4B8D4510-F904-434F-B895-4D5DCE39B0F2}.Release|x86.ActiveCfg = Release|Win32
		{4B8D4510-F904-434F-B895-4D5DCE39B0F2}.Release|x86.Build.0 = Release|Win32
		{CE9CA836-8DBF-46E8-B56E-D8DB91C3A4A9}.Debug|x64.ActiveCfg = Debug|x64
		{CE9CA836-8DBF-46E8-B56E-D8DB91C3A4A9}.Debug|x64.Build.0 = Debug|x64
		{CE9CA836-8DBF-46E8-B56E-D8DB91C3A4A9}.Debug|x86.ActiveCfg = Debug|Win32
		{CE9CA836-8DBF-46E8-B56E-D8DB91C3A4A9}.Debug|x86.Build.0 = Debug|Win32
		{CE9CA836-8DBF-46E8-B56E-D8DB91C3A4A9}.Release|x64.ActiveCfg = Release|x64
		{CE9CA836-8DBF-46E8-B56E-D8DB91C3A4A9}.Release|x64.Build.0 = Release|x64
		{CE9CA836-8DBF-46E8-B56E-D8DB91C3A4A9}.Release|x86.ActiveCfg = Release|Win32
		{CE9CA836-8DBF-46E8-B56E-D8DB91C3A4A9}.Release|x86.Build.0 = Release|Win32
		{4F2B0FEC-2755-465F-8E31-362FC6792E14}.Debug|x64.ActiveCfg = Debug|x64
		{4F2B0FEC-2755-465F-8E31-362FC6792E14}.Debug|x64.Build.0 = Debug|x64
		{4F2B0FEC-2755-465F-8E31-362FC6792E14}.Debug|x86.ActiveCfg = Debug|Win32
		{4F2B0FEC-2755-465F-8E31-362FC6792E14}.Debug|x86.Build.0 = Debug|Win32
		{4F2B0FEC-2755-465F-8E31-362FC6792E14}.Release|x64.ActiveCfg = Release|x64
		{4F2B0FEC-2755-465F-8E31-362FC6792E14}.Release|x64.Build.0 = Release|x64
		{4F2B0FEC-2755-465F-8E31-362FC6792E14}.Release|x86.ActiveCfg = Release|Win32
		{4F2B0FEC-2755-465F-8E31-362FC6792E14}.Release|x86.Build.0 = Release|Win32
		{7BAF4315-83C8-4EF3-BECE-0CD811969815}.Debug|x64.ActiveCfg = Debug|x64
		{7BAF4315-83C8-4EF3-BECE-0CD811969815}.Debug|x64.Build.0 = Debug|x64
		{7BAF4315-83C8-4EF3-BECE-0CD811969815}.Debug|x86.ActiveCfg = Debug|Win32
		{7BAF4315-83C8-4EF3-BECE-0CD811969815}.Debug|x86.Build.0 = Debug|Win32
		{7BAF4315-83C8-4EF3-BECE-0CD811969815}.Release|x64.ActiveCfg = Release|x64
		{7BAF4315-83C8-4EF3-BECE-0CD811969815}.Release|x64.Build.0 = Release|x64
		{7BAF4315-83C8-4EF3-BECE-0CD811969815}.Release|x86.ActiveCfg = Release|Win32
		{7BAF4315-83C8-4EF3-BECE-0CD811969815}.Release|x86.Build.0 = Release|Win32
		{A09DCE8F-A142-4719-BE27-9968B782A91E}.Debug|x64.ActiveCfg = Debug|x64
		{A09DCE8F-A142-4719-BE27-9968B782A91E}.Debug|x64.Build.0 = Debug|x64
		{A09DCE8F-A142-4719-BE27-9968B782A91E}.Debug|x86.ActiveCfg = Debug|Win32
		{A09DCE8F-A142-4719-BE27-9968B782A91E}.Debug|x86.Build.0 = Debug|Win32
		{A09DCE8F-A142-4719-BE27-9968B782A91E}.Release|x64.ActiveCfg = Release|x64
		{A09DCE8F-A142-4719-BE27-9968B782A91E}.Release|x64.Build.0 = Release|x64
		{A09DCE8F-A142-4719-BE27-9968B782A91E}.Release|x86.ActiveCfg = Release|Win32
		{A09DCE8F-A142-4719-BE27-9968B782A91E}.Release|x86.Build.0 = Release|Win32
		{EEFF5FE4-138E-4DB1-9E27-155178293ACB}.Debug|x64.ActiveCfg = Debug|x64
		{EEFF5FE4-138E-4DB1-9E27-155178293ACB}.Debug|x64.Build.0 = Debug|x64
		{EEFF5FE4-138E-4DB1-9E27-155178293ACB}.Debug|x86.ActiveCfg = Debug|Win32
		{EEFF5FE4-138E-4DB1-9E27-155178293ACB}.Debug|x86.Build.0 = Debug|Win32
		{EEFF5FE4-138E-4DB1-9E27-155178293ACB}.Release|x64.ActiveCfg = Release|x64
		{EEFF5FE4-138E-4DB1-9E27-155178293ACB}.Release|x64.Build.0 = Release|x64
		{EEFF5FE4-138E-4DB1-9E27-155178293ACB}.Release|x86.ActiveCfg = Release|Win32
		{EEFF5FE4-138E-4DB1-9E27-155178293ACB}.Release|x86.Build.0 = Release|Win32
		{663A512B-6250-4E27-BB43-F7E6645685F1}.Debug|x64.ActiveCfg = Debug|x64
		{663A512B-6250-4E27-BB43-F7E6645685F1}.Debug|x64.Build.0 = Debug|x64
		{663A512B-6250-4E27-BB43-F7E6645685F1}.Debug|x86.ActiveCfg = Debug|Win32
		{663A512B-6250-4E27-BB43-F7E6645685F1}.Debug|x86.Build.0 = Debug|Win32
		{663A512B-6250-4E27-BB43-F7E6645685F1}.Release|x64.ActiveCfg = Release|x64
		{663A512B-6250-4E27-BB43-F7E6645685F1}.Release|x64.Build.0 = Release|x64
		{663A512B-6250-4E27-BB43-F7E6645685F1}.Release|x86.ActiveCfg = Release|Win32
		{663A512B-6250-4E27-BB43-F7E6645685F1}.Release|x86.Build.0 = Release|Win32
		{DFA7A8D9-2773-4A2E-8A10-C8EE5859108B}.Debug|x64.ActiveCfg = Debug|x64
		{DFA7A8D9-2773-4A2E-8A10-C8EE5859108B}.Debug|x64.Build.0 = Debug|x64
		{DFA7A8D9-2773-4A2E-8A10-C8EE5859108B}.Debug|x86.ActiveCfg = Debug|Win32
		{DFA7A8D9-2773-4A2E-8A10-C8EE5859108B}.Debug|x86.Build.0 = Debug|Win32
		{DFA7A8D9-2773-4A2E-8A10-C8EE5859108B}.Release|x64.ActiveCfg = Release|x64
		{DFA7A8D9-2773-4A2E-8A10-C8EE5859108B}.Release|x64.Build.0 = Release|x64
		{DFA7A8D9-2773-4A2E-8A10-C8EE5859108B}.Release|x86.ActiveCfg = Release|Win32
		{DFA7A8D9-2773-4A2E-8A10-C8EE5859108B}.Release|x86.Build.0 = Release|Win32
		{5C1CBFD8-F7A4-430C-900F-F40093A4EEC1}.Debug|x64.ActiveCfg = Debug|x64
		{5C1CBFD8-F7A4-430C-900F-F40093A4EEC1}.Debug|x64.Build.0 = Debug|x64
		{5C1CBFD8-F7A4-430C-900F-F40093A4EEC1}.Debug|x86.ActiveCfg = Debug|Win32
		{5C1CBFD8-F7A4-430C-900F-F40093A4EEC1}.Debug|x86.Build.0 = Debug|Win32
		{5C1CBFD8-F7A4-430C-900F-F40093A4EEC1}.Release|x64.ActiveCfg = Release|x64
		{5C1CBFD8-F7A4-430C-900F-F40093A4EEC1}.Release|x64.Build.0 = Release|x64
		{5C1CBFD8-F7A4-430C-900F-F40093A4EEC1}.Release|x86.ActiveCfg = Release|Win32
		{5C1CBFD8-F7A4-430C-900F-F40093A4EEC1}.Release|x86.Build.0 = Release|Win32
		{E72AF0C9-C802-4942-B97B-8958F123874E}.Debug|x64.ActiveCfg = Debug|x64
		{E72AF0C9-C802-4942-B97B-8958F123874E}.Debug|x64.Build.0 = Debug|x64
		{E72AF0C9-C802-4942-B97B-8958F123874E}.Debug|x86.ActiveCfg = Debug|Win32
		{E72AF0C9-C802-4942-B97B-8958F123874E}.Debug|x86.Build.0 = Debug|Win32
		{E72AF0C9-C802-4942-B97B-8958F123874E}.Release|x64.ActiveCfg = Release|x64
		{E72AF0C9-C802-4942-B97B-8958F123874E}.Release|x64.Build.0 = Release|x64
		{E72AF0C9-C802-4942-B97B-8958F123874E}.Release|x86.ActiveCfg = Release|Win32
		{E72AF0C9-C802-4942-B97B-8958F123874E}.Release|x86.Build.0 = Release|Win32
		{A05163F0-2C9A-4DAF-B6AF-98CC9FA152A0}.Debug|x64.ActiveCfg = Debug|x64
		{A05163F0-2C9A-4DAF-B6AF-98CC9FA152A0}.Debug|x64.Build.0 = Debug|x64
		{A05163F0-2C9A-4DAF-B6AF-98CC9FA152A0}.Debug|x86.ActiveCfg = Debug|Win32
		{A05163F0-2C9A-4DAF-B6AF-98CC9FA152A0}.Debug|x86.Build.0 = Debug|Win32
		{A05163F0-2C9A-4DAF-B6AF-98CC9FA152A0}.Release|x64.ActiveCfg = Release|x64
		{A05163F0-2C9A-4DAF-B6AF-98CC9FA152A0}.Release|x64.Build.0 = Release|x64
		{A05163F0-2C9A-4DAF-B6AF-98CC9FA152A0}.Release|x86.ActiveCfg = Release|Win32
		{A05163F0-2C9A-4DAF-B6AF-98CC9FA152A0}.Release|x86.Build.0 = Release|Win32
		{B65E6CA5-3DFD-44AB-BEE7-93590BBBE7DD}.Debug|x64.ActiveCfg = Debug|x64
		{B65E6CA5-3DFD-44AB-BEE7-93590BBBE7DD}.Debug|x64.Build.0 = Debug|x64
		{B65E6CA5-3DFD-44AB-BEE7-93590BBBE7DD}.Debug|x86.ActiveCfg = Debug|Win32
		{B65E6CA5-3DFD-44AB-BEE7-93590BBBE7DD}.Debug|x86.Build.0 = Debug|Win32
		{B65E6CA5-3DFD-44AB-BEE7-93590BBBE7DD}.Release|x64.ActiveCfg = Release|x64
		{B65E6CA5-3DFD-44AB-BEE7-93590BBBE7DD}.Release|x64.Build.0 = Release|x64
		{B65E6CA5-3DFD-44AB-BEE7-93590BBBE7DD}.Release|x86.ActiveCfg = Release|Win32
		{B65E6CA5-3DFD-44AB-BEE7-93590BBBE7DD}.Release|x86.Build.0 = Release|Win32
		{595A57A5-47FD-4524-95C5-6644B0502A4D}.Debug|x64.ActiveCfg = Debug|x64
		{595A57A5-47FD-4524-95C5-6644B0502A4D}.Debug|x64.Build.0 = Debug|x64
		{595A57A5-47FD-4524-95C5-6644B0502A4D}.Debug|x86.ActiveCfg = Debug|Win32
		{595A57A5-47FD-4524-95C5-6644B0502A4D}.Debug|x86.Build.0 = Debug|Win32
		{595A57A5-47FD-4524-95C5-6644B0502A4D}.Release|x64.ActiveCfg = Release|x64
		{595A57A5-47FD-4524-95C5-6644B0502A4D}.Release|x64.Build.0 = Release|x64
		{595A57A5-47FD-4524-95C5-6644B0502A4D}.Release|x86.ActiveCfg = Release|Win32
		{595A57A5-47FD-4524-95C5-6644B0502A4D}.Release|x86.Build.0 = Release|Win32
		{BF029D44-4BA4-4FD7-98DF-5840D0042449}.Debug|x64.ActiveCfg = Debug|x64
		{BF029D44-4BA4-4FD7-98DF-5840D0042449}.Debug|x64.Build.0 = Debug|x64
		{BF029D44-4BA4-4FD7-98DF-5840D0042449}.Debug|x86.ActiveCfg = Debug|Win32
		{BF029D44-4BA4-4FD7-98DF-5840D0042449}.Debug|x86.Build.0 = Debug|Win32
		{BF029D44-4BA4-4FD7-98DF-5840D0042449}.Release|x64.ActiveCfg = Release|x64
		{BF029D44-4BA4-4FD7-98DF-5840D0042449}.Release|x64.Build.0 = Release|x64
		{BF029D44-4BA4-4FD7-98DF-5840D0042449}.Release|x86.ActiveCfg = Release|Win32
		{BF029D44-4BA4-4FD7-98DF-5840D0042449}.Release|x86.Build.0 = Release|Win32
		{097C66C8-D1FD-4128-A234-4C3E30848C77}.Debug|x64.ActiveCfg = Debug|x64
		{097C66C8-D1FD-4128-A234-4C3E30848C77}.Debug|x64.Build.0 = Debug|x64
		{097C66C8-D1FD-4128-A234-4C3E30848C77}.Debug|x86.ActiveCfg = Debug|Win32
		{097C66C8-D1FD-4128-A234-4C3E30848C77}.Debug|x86.Build.0 = Debug|Win32
		{097C66C8-D1FD-4128-A234-4C3E30848C77}.Release|x64.ActiveCfg = Release|x64
		{097C66C8-D1FD-4128-A234-4C3E30848C77}.Release|x64.Build.0 = Release|x64
		{097C66C8-D1FD-4128-A234-4C3E30848C77}.Release|x86.ActiveCfg = Release|Win32
		{097C66C8-D1FD-4128-A234-4C3E30848C77}.Release|x86.Build.0 = Release|Win32
		{F39B0F75-9830-4F73-A3BC-CF1A60C929B4}.Debug|x64.ActiveCfg = Debug|x64
		{F39B0F75-9830-4F73-A3BC-CF1A60C929B4}.Debug|x64.Build.0 = Debug|x64
		{F39B0F75-9830-4F73-A3BC-CF1A60C929B4}.Debug|x86.ActiveCfg = Debug|Win32
		{F39B0F75-9830-4F73-A3BC-CF1A60C929B4}.Debug|x86.Build.0 = Debug|Win32
		{F39B0F75-9830-4F73-A3BC-CF1A60C929B4}.Release|x64.ActiveCfg = Release|x64
		{F39B0F75-9830-4F73-A3BC-CF1A60C929B4}.Release|x64.Build.0 = Release|x64
		{F39B0F75-9830-4F73-A3BC-CF1A60C929B4}.Release|x86.ActiveCfg = Release|Win32
		{F39B0F75-9830-4F73-A3BC-CF1A60C929B4}.Release|x86.Build.0 = Release|Win32
		{6880A668-3120-4813-8A58-E0255F49B794}.Debug|x64.ActiveCfg = Debug|x64
		{6880A668-3120-4813-8A58-E0255F49B794}.Debug|x64.Build.0 = Debug|x64
		{6880A668-3120-4813-8A58-E0255F49B794}.Debug|x86.ActiveCfg = Debug|Win32
		{6880A668-3120-4813-8A58-E0255F49B794}.Debug|x86.Build.0 = Debug|Win32
		{6880A668-3120-4813-8A58-E0255F49B794}.Release|x64.ActiveCfg = Release|x64
		{6880A668-3120-4813-8A58-E0255F49B794}.Release|x64.Build.0 = Release|x64
		{6880A668-3120-4813-8A58-E0255F49B794}.Release|x86.ActiveCfg = Release|Win32
		{6880A668-3120-4813-8A58-E0255F49B794}.Release|x86.Build.0 = Release|Win32
		{60F0E48E-ACE3-43C5-A796-4BA92A034785}.Debug|x64.ActiveCfg = Debug|x64
		{60F0E48E-ACE3-43C5-A796-4BA92A034785}.Debug|x64.Build.0 = Debug|x64
		{60F0E48E-ACE3-43C5-A796-4BA92A034785}.Debug|x86.ActiveCfg = Debug|Win32
		{60F0E48E-ACE3-43C5-A796-4BA92A034785}.Debug|x86.Build.0 = Debug|Win32
		{60F0E48E-ACE3-43C5-A796-4BA92A034785}.Release|x64.ActiveCfg = Release|x64
		{60F0E48E-ACE3-43C5-A796-4BA92A034785}.Release|x64.Build.0 = Release|x64
		{60F0E48E-ACE3-43C5-A796-4BA92A034785}.Release|x86.ActiveCfg = Release|Win32
		{60F0E48E-ACE3-43C5-A796-4BA92A034785}.Release|x86.Build.0 = Release|Win32
		{E0FF4DDD-FFAB-4CDC-A299-5CD286F9B9CE}.Debug|x64.ActiveCfg = Debug|x64
		{E0FF4DDD-FFAB-4CDC-A299-5CD286F9B9CE}.Debug|x64.Build.0 = Debug|x64
		{E0FF4DDD-FFAB-4CDC-A299-5CD286F9B9CE}.Debug|x86.ActiveCfg = Debug|Win32
		{E0FF4DDD-FFAB-4CDC-A299-5CD286F9B9CE}.Debug|x86.Build.0 = Debug|Win32
		{E0FF4DDD-FFAB-4CDC-A299-5CD286F9B9CE}.Release|x64.ActiveCfg = Release|x64
		{E0FF4DDD-FFAB-4CDC-A299-5CD286F9B9CE}.Release|x64.Build.0 = Release|x64
		{E0FF4DDD-FFAB-4CDC-A299-5CD286F9B9CE}.Release|x86.ActiveCfg = Release|Win32
		{E0FF4DDD-FFAB-4CDC-A299-5CD286F9B9CE}.Release|x86.Build.0 = Release|Win32
		{53DC09BD-4AFA-483C-9CCE-6EDA83D085C3}.Debug|x64.ActiveCfg = Debug|x64
		{53DC09BD-4AFA-483C-9CCE-6EDA83D085C3}.Debug|x64.Build.0 = Debug|x64
		{53DC09BD-4AFA-483C-9CCE-6EDA83D085C3}.Debug|x86.ActiveCfg = Debug|Win32
		{53DC09BD-4AFA-483C-9CCE-6EDA83D085C3}.Debug|x86.Build.0 = Debug|Win32
		{53DC09BD-4AFA-483C-9CCE-6EDA83D085C3}.Release|x64.ActiveCfg = Release|x64
		{53DC09BD-4AFA-483C-9CCE-6EDA83D085C3}.Release|x64.Build.0 = Release|x64
		{53DC09BD-4AFA-483C-9CCE-6EDA83D085C3}.Release|x86.ActiveCfg = Release|Win32
		{53DC09BD-4AFA-483C-9CCE-6EDA83D085C3}.Release|x86.Build.0 = Release|Win32
		{FBFDBDCC-2949-4AF9-9646-85B6EF430C6B}.Debug|x64.ActiveCfg = Debug|x64
		{FBFDBDCC-2949-4AF9-9646-85B6EF430C6B}.Debug|x64.Build.0 = Debug|x64
		{FBFDBDCC-2949-4AF9-9646-85B6EF430C6B}.Debug|x86.ActiveCfg = Debug|Win32
		{FBFDBDCC-2949-4AF9-9646-85B6EF430C6B}.Debug|x86.Build.0 = Debug|Win32
		{FBFDBDCC-2949-4AF9-9646-85B6EF430C6B}.Release|x64.ActiveCfg = Release|x64
		{FBFDBDCC-2949-4AF9-9646-85B6EF430C6B}.Release|x64.Build.0 = Release|x64
		{FBFDBDCC-2949-4AF9-9646-85B6EF430C6B}.Release|x86.ActiveCfg = Release|Win32
		{FBFDBDCC-2949-4AF9-9646-85B6EF430C6B}.Release|x86.Build.0 = Release|Win32
		{B5398F14-1981-41BB-BF4D-FCA68D08BD6F}.Debug|x64.ActiveCfg = Debug|x64
		{B5398F14-1981-41BB-BF4D-FCA68D08BD6F}.Debug|x64.Build.0 = Debug|x64
		{B5398F14-1981-41BB-BF4D-FCA68D08BD6F}.Debug|x86.ActiveCfg = Debug|Win32
		{B5398F14-1981-41BB-BF4D-FCA68D08BD6F}.Debug|x86.Build.0 = Debug|Win32
		{B5398F14-1981-41BB-BF4D-FCA68D08BD6F}.Release|x64.ActiveCfg = Release|x64
		{B5398F14-1981-41BB-BF4D-FCA68D08BD6F}.Release|x64.Build.0 = Release|x64
		{B5398F14-1981-41BB-BF4D-FCA68D08BD6F}.Release|x86.ActiveCfg = Release|Win32
		{B5398F14-1981-41BB-BF4D-FCA68D08BD6F}.Release|x86.Build.0 = Release|Win32
		{D77A6EA9-82C8-48B1-9E7D-66121DDE884B}.Debug|x64.ActiveCfg = Debug|x64
		{D77A6EA9-82C8-48B1-9E7D-66121DDE884B}.Debug|x64.Build.0 = Debug|x64
		{D77A6EA9-82C8-48B1-9E7D-66121DDE884B}.Debug|x86.ActiveCfg = Debug|Win32
		{D77A6EA9-82C8-48B1-9E7D-66121DDE884B}.Debug|x86.Build.0 = Debug|Win32
		{D77A6EA9-82C8-48B1-9E7D-66121DDE884B}.Release|x64.ActiveCfg = Release|x64
		{D77A6EA9-82C8-48B1-9E7D-66121DDE884B}.Release|x64.Build.0 = Release|x64
		{D77A6EA9-82C8-48B1-9E7D-66121DDE884B}.Release|x86.ActiveCfg = Release|Win32
		{D77A6EA9-82C8-48B1-9E7D-66121DDE884B}.Release|x86.Build.0 = Release|Win32
		{4764C500-589A-431F-86DB-C354FFF66750}.Debug|x64.ActiveCfg = Debug|x64
		{4764C500-589A-431F-86DB-C354FFF66750}.Debug|x64.Build.0 = Debug|x64
		{4764C500-589A-431F-86DB-C354FFF66750}.Debug|x86.ActiveCfg = Debug|Win32
		{4764C500-589A-431F-86DB-C354FFF66750}.Debug|x86.Build.0 = Debug|Win32
		{4764C500-589A-431F-86DB-C354FFF66750}.Release|x64.ActiveCfg = Release|x64
		{4764C500-589A-431F-86DB-C354FFF66750}.Release|x64.Build.0 = Release|x64
		{4764C500-589A-431F-86DB-C354FFF66750}.Release|x86.ActiveCfg = Release|Win32
		{4764C500-589A-431F-86DB-C354FFF66750}.Release|x86.Build.0 = Release|Win32
		{B090A427-CA07-4317-9810-B0C736C63EA3}.Debug|x64.ActiveCfg = Debug|x64
		{B090A427-CA07-4317-9810-B0C736C63EA3}.Debug|x64.Build.0 = Debug|x64
		{B090A427-CA07-4317-9810-B0C736C63EA3}.Debug|x86.ActiveCfg = Debug|Win32
		{B090A427-CA07-4317-9810-B0C736C63EA3}.Debug|x86.Build.0 = Debug|Win32
		{B090A427-CA07-4317-9810-B0C736C63EA3}.Release|x64.ActiveCfg = Release|x64
		{B090A427-CA07-4317-9810-B0C736C63EA3}.Release|x64.Build.0 = Release|x64
		{B090A427-CA07-4317-9810-B0C736C63EA3}.Release|x86.ActiveCfg = Release|Win32
		{B090A427-CA07-4317-9810-B0C736C63EA3}.Release|x86.Build.0 = Release|Win32
		{E5F2B3B7-B135-4093-831D-67630D3ED9AC}.Debug|x64.ActiveCfg = Debug|x64
		{E5F2B3B7-B135-4093-831D-67630D3ED9AC}.Debug|x64.Build.0 = Debug|x64
		{E5F2B3B7-B135-4093-831D-67630D3ED9AC}.Debug|x86.ActiveCfg = Debug|Win32
		{E5F2B3B7-B135-4093-831D-67630D3ED9AC}.Debug|x86.Build.0 = Debug|Win32
		{E5F2B3B7-B135-4093-831D-67630D3ED9AC}.Release|x64.ActiveCfg = Release|x64
		{E5F2B3B7-B135-4093-831D-67630D3ED9AC}.Release|x64.Build.0 = Release|x64
		{E5F2B3B7-B135-4093-831D-67630D3ED9AC}.Release|x86.ActiveCfg = Release|Win32
		{E5F2B3B7-B135-4093-831D-67630D3ED9AC}.Release|x86.Build.0 = Release|Win32
		{33F7969F-4203-4A4B-AD14-047968B19FD0}.Debug|x64.ActiveCfg = Debug|x64
		{33F7969F-4203-4A4B-AD14-047968B19FD0}.Debug|x64.Build.0 = Debug|x64
		{33F7969F-4203-4A4B-AD14-047968B19FD0}.Debug|x86.ActiveCfg = Debug|Win32
		{33F7969F-4203-4A4B-AD14-047968B19FD0}.Debug|x86.Build.0 = Debug|Win32
		{33F7969F-4203-4A4B-AD14-047968B19FD0}.Release|x64.ActiveCfg = Release|x64
		{33F7969F-4203-4A4B-AD14-047968B19FD0}.Release|x64.Build.0 = Release|x64
		{33F7969F-4203-4A4B-AD14-047968B19FD0}.Release|x86.ActiveCfg = Release|Win32
		{33F7969F-4203-4A4B-AD14-047968B19FD0}.Release|x86.Build.0 = Release|Win32
		{BFCDEEE1-2E3A-4687-BA5B-191FEC14A238}.Debug|x64.ActiveCfg = Debug|x64
		{BFCDEEE1-2E3A-4687-BA5B-191FEC14A238}.Debug|x64.Build.0 = Debug|x64
		{BFCDEEE1-2E3A-4687-BA5B-191FEC14A238}.Debug|x86.ActiveCfg = Debug|Win32
		{BFCDEEE1-2E3A-4687-BA5B-191FEC14A238}.Debug|x86.Build.0 = Debug|Win32
		{BFCDEEE1-2E3A-4687-BA5B-191FEC14A238}.Release|x64.ActiveCfg = Release|x64
		{BFCDEEE1-2E3A-4687-BA5B-191FEC14A238}.Release|x64.Build.0 = Release|x64
		{BFCDEEE1-2E3A-4687-BA5B-191FEC14A238}.Release|x86.ActiveCfg = Release|Win32
		{BFCDEEE1-2E3A-4687-BA5B-191FEC14A238}.Release|x86.Build.0 = Release|Win32
		{C44D34DE-59C9-471C-86E1-544802523631}.Debug|x64.ActiveCfg = Debug|x64
		{C44D34DE-59C9-471C-86E1-544802523631}.Debug|x64.Build.0 = Debug|x64
		{C44D34DE-59C9-471C-86E1-544802523631}.Debug|x86.ActiveCfg = Debug|Win32
		{C44D34DE-59C9-471C-86E1-544802523631}.Debug|x86.Build.0 = Debug|Win32
		{C44D34DE-59C9-471C-86E1-544802523631}.Release|x64.ActiveCfg = Release|x64
		{C44D34DE-59C9-471C-86E1-544802523631}.Release|x64.Build.0 = Release|x64
		{C44D34DE-59C9-471C-86E1-544802523631}.Release|x86.ActiveCfg = Release|Win32
		{C44D34DE-59C9-471C-86E1-544802523631}.Release|x86.Build.0 = Release|Win32
		{D9581A08-BC13-4D8C-AB1B-0F0ADDE0B1A3}.Debug|x64.ActiveCfg = Debug|x64
		{D9581A08-BC13-4D8C-AB1B-0F0ADDE0B1A3}.Debug|x64.Build.0 = Debug|x64
		{D9581A08-BC13-4D8C-AB1B-0F0ADDE0B1A3}.Debug|x86.ActiveCfg = Debug|Win32
		{D9581A08-BC13-4D8C-AB1B-0F0ADDE0B1A3}.Debug|x86.Build.0 = Debug|Win32
		{D9581A08-BC13-4D8C-AB1B-0F0ADDE0B1A3}.Release|x64.ActiveCfg = Release|x64
		{D9581A08-BC13-4D8C-AB1B-0F0ADDE0B1A3}.Release|x64.Build.0 = Release|x64
		{D9581A08-BC13-4D8C-AB1B-0F0ADDE0B1A3}.Release|x86.ActiveCfg = Release|Win32
		{D9581A08-BC13-4D8C-AB1B-0F0ADDE0B1A3}.Release|x86.Build.0 = Release|Win32
		{5923A5D5-249A-402F-B6A3-D71CA83652EF}.Debug|x64.ActiveCfg = Debug|x64
		{5923A5D5-249A-402F-B6A3-D71CA83652EF}.Debug|x64.Build.0 = Debug|x64
		{5923A5D5-249A-402F-B6A3-D71CA83652EF}.Debug|x86.ActiveCfg = Debug|Win32
		{5923A5D5-249A-402F-B6A3-D71CA83652EF}.Debug|x86.Build.0 = Debug|Win32
		{5923A5D5-249A-402F-B6A3-D71CA83652EF}.Release|x64.ActiveCfg = Release|x64
		{5923A5D5-249A-402F-B6A3-D71CA83652EF}.Release|x64.Build.0 = Release|x64
		{5923A5D5-249A-402F-B6A3-D71CA83652EF}.Release|x86.ActiveCfg = Release|Win32
		{5923A5D5-249A-402F-B6A3-D71CA83652EF}.Release|x86.Build.0 = Release|Win32
		{101A5BD2-D291-4C21-9A65-043E7F7C2D89}.Debug|x64.ActiveCfg = Debug|x64
		{101A5BD2-D291-4C21-9A65-043E7F7C2D89}.Debug|x64.Build.0 = Debug|x64
		{101A5BD2-D291-4C21-9A65-043E7F7C2D89}.Debug|x64.Deploy.0 = Debug|x64
		{101A5BD2-D291-4C21-9A65-043E7F7C2D89}.Debug|x86.ActiveCfg = Debug|x86
		{101A5BD2-D291-4C21-9A65-043E7F7C2D89}.Debug|x86.Build.0 = Debug|x86
		{101A5BD2-D291-4C21-9A65-043E7F7C2D89}.Debug|x86.Deploy.0 = Debug|x86
		{101A5BD2-D291-4C21-9A65-043E7F7C2D89}.Release|x64.ActiveCfg = Release|x64
		{101A5BD2-D291-4C21-9A65-043E7F7C2D89}.Release|x64.Build.0 = Release|x64
		{101A5BD2-D291-4C21-9A65-043E7F7C2D89}.Release|x64.Deploy.0 = Release|x64
		{101A5BD2-D291-4C21-9A65-043E7F7C2D89}.Release|x86.ActiveCfg = Release|x86
		{101A5BD2-D291-4C21-9A65-043E7F7C2D89}.Release|x86.Build.0 = Release|x86
		{101A5BD2-D291-4C21-9A65-043E7F7C2D89}.Release|x86.Deploy.0 = Release|x86
		{32D0E899-DAC0-4080-8BF2-B17D010936CF}.Debug|x64.ActiveCfg = Debug|x64
		{32D0E899-DAC0-4080-8BF2-B17D010936CF}.Debug|x64.Build.0 = Debug|x64
		{32D0E899-DAC0-4080-8BF2-B17D010936CF}.Debug|x86.ActiveCfg = Debug|Win32
		{32D0E899-DAC0-4080-8BF2-B17D010936CF}.Debug|x86.Build.0 = Debug|Win32
		{32D0E899-DAC0-4080-8BF2-B17D010936CF}.Release|x64.ActiveCfg = Release|x64
		{32D0E899-DAC0-4080-8BF2-B17D010936CF}.Release|x64.Build.0 = Release|x64
		{32D0E899-DAC0-4080-8BF2-B17D010936CF}.Release|x86.ActiveCfg = Release|Win32
		{32D0E899-DAC0-4080-8BF2-B17D010936CF}.Release|x86.Build.0 = Release|Win32
		{889BFD31-93C9-47EB-A7B1-1C629B4C3AF0}.Debug|x64.ActiveCfg = Debug|x64
		{889BFD31-93C9-47EB-A7B1-1C629B4C3AF0}.Debug|x64.Build.0 = Debug|x64
		{889BFD31-93C9-47EB-A7B1-1C629B4C3AF0}.Debug|x86.ActiveCfg = Debug|Win32
		{889BFD31-93C9-47EB-A7B1-1C629B4C3AF0}.Debug|x86.Build.0 = Debug|Win32
		{889BFD31-93C9-47EB-A7B1-1C629B4C3AF0}.Release|x64.ActiveCfg = Release|x64
		{889BFD31-93C9-47EB-A7B1-1C629B4C3AF0}.Release|x64.Build.0 = Release|x64
		{889BFD31-93C9-47EB-A7B1-1C629B4C3AF0}.Release|x86.ActiveCfg = Release|Win32
		{889BFD31-93C9-47EB-A7B1-1C629B4C3AF0}.Release|x86.Build.0 = Release|Win32
		{5379A75F-D8BD-4CF1-9AF5-0DBE3AC23CAC}.Debug|x64.ActiveCfg = Debug|x64
		{5379A75F-D8BD-4CF1-9AF5-0DBE3AC23CAC}.Debug|x64.Build.0 = Debug|x64
		{5379A75F-D8BD-4CF1-9AF5-0DBE3AC23CAC}.Debug|x86.ActiveCfg = Debug|Win32
		{5379A75F-D8BD-4CF1-9AF5-0DBE3AC23CAC}.Debug|x86.Build.0 = Debug|Win32
		{5379A75F-D8BD-4CF1-9AF5-0DBE3AC23CAC}.Release|x64.ActiveCfg = Release|x64
		{5379A75F-D8BD-4CF1-9AF5-0DBE3AC23CAC}.Release|x64.Build.0 = Release|x64
		{5379A75F-D8BD-4CF1-9AF5-0DBE3AC23CAC}.Release|x86.ActiveCfg = Release|Win32
		{5379A75F-D8BD-4CF1-9AF5-0DBE3AC23CAC}.Release|x86.Build.0 = Release|Win32
		{B9BCE89D-306E-4FA5-81D5-9D0BABAAE021}.Debug|x64.ActiveCfg = Debug|x64
		{B9BCE89D-306E-4FA5-81D5-9D0BABAAE021}.Debug|x64.Build.0 = Debug|x64
		{B9BCE89D-306E-4FA5-81D5-9D0BABAAE021}.Debug|x86.ActiveCfg = Debug|Win32
		{B9BCE89D-306E-4FA5-81D5-9D0BABAAE021}.Debug|x86.Build.0 = Debug|Win32
		{B9BCE89D-306E-4FA5-81D5-9D0BABAAE021}.Release|x64.ActiveCfg = Release|x64
		{B9BCE89D-306E-4FA5-81D5-9D0BABAAE021}.Release|x64.Build.0 = Release|x64
		{B9BCE89D-306E-4FA5-81D5-9D0BABAAE021}.Release|x86.ActiveCfg = Release|Win32
		{B9BCE89D-306E-4FA5-81D5-9D0BABAAE021}.Release|x86.Build.0 = Release|Win32
	EndGlobalSection
	GlobalSection(SolutionProperties) = preSolution
		HideSolutionNode = FALSE
	EndGlobalSection
	GlobalSection(ExtensibilityGlobals) = postSolution
		SolutionGuid = {712FFE43-6C23-4A33-8AF6-E691D5A82568}
	EndGlobalSection
EndGlobal
