
Microsoft Visual Studio Solution File, Format Version 12.00
# Visual Studio 15
VisualStudioVersion = 15.0.28307.1433
MinimumVisualStudioVersion = 10.0.40219.1
Project("{8BC9CEB8-8B4A-11D0-8D11-00A0C91BC942}") = "compile_time_counter", "test1\test1.vcxproj", "{83E6E63B-3F37-422C-B9AF-5808762A119C}"
EndProject
Project("{8BC9CEB8-8B4A-11D0-8D11-00A0C91BC942}") = "vk_api", "vk_api\temp2.vcxproj", "{81378CDB-CB2D-4046-BE0B-CB7B32FC4573}"
EndProject
Project("{8BC9CEB8-8B4A-11D0-8D11-00A0C91BC942}") = "equation_calculator", "equation_calculator\temp3.vcxproj", "{F862CAF1-D776-4CA9-A803-99773C837442}"
EndProject
Project("{8BC9CEB8-8B4A-11D0-8D11-00A0C91BC942}") = "SFML_Tic_Tac_Toe", "SFML_Tic_Tac_Toe\SFML_Tic_Tac_Toe.vcxproj", "{83905D80-968F-4EBF-95E2-2915B422C3D4}"
EndProject
Project("{8BC9CEB8-8B4A-11D0-8D11-00A0C91BC942}") = "SFML_paint", "SFML_Chess\SFML_Chess.vcxproj", "{50AADA28-6562-4A66-86BB-9661204B86F4}"
EndProject
Project("{8BC9CEB8-8B4A-11D0-8D11-00A0C91BC942}") = "WinSockTest", "WinSockTest\WinSockTest.vcxproj", "{B865E8A3-CAC1-45A4-BAA8-B33F3E093034}"
EndProject
Project("{8BC9CEB8-8B4A-11D0-8D11-00A0C91BC942}") = "SFML_base", "SFML_base\SFML_base.vcxproj", "{39EA7E16-949B-4B04-9B12-FB7ED81901FF}"
EndProject
Project("{8BC9CEB8-8B4A-11D0-8D11-00A0C91BC942}") = "SFML_Shit_Game", "SFML_Shit_Game\SFML_Shit_Game.vcxproj", "{47B87F62-075B-4C9B-866E-4B78BCD7850A}"
EndProject
Project("{8BC9CEB8-8B4A-11D0-8D11-00A0C91BC942}") = "SFML_sliders", "SFML_logo_interprenter\SFML_logo_interprenter.vcxproj", "{657B3304-5907-444B-8043-CEA365CFA359}"
EndProject
Project("{8BC9CEB8-8B4A-11D0-8D11-00A0C91BC942}") = "tempWSs", "tempWSs\tempWSs.vcxproj", "{D452E521-CA58-4106-A353-1545389D21CC}"
EndProject
Project("{8BC9CEB8-8B4A-11D0-8D11-00A0C91BC942}") = "tempWSclient", "tempWSclient\tempWSclient.vcxproj", "{A404E68F-EC35-4C6D-8D79-742E26A9A5EB}"
EndProject
Project("{8BC9CEB8-8B4A-11D0-8D11-00A0C91BC942}") = "long_integer_stuff", "long_integer_stuff\temp4.vcxproj", "{3E186CD7-B712-4686-A777-56EFB8168371}"
EndProject
Project("{8BC9CEB8-8B4A-11D0-8D11-00A0C91BC942}") = "sfml_grapher", "sfml_grapher\sfml_grapher.vcxproj", "{343BAB70-446D-4129-A63A-1DC3727EF3D0}"
EndProject
Project("{8BC9CEB8-8B4A-11D0-8D11-00A0C91BC942}") = "sfml_temp", "sfml_temp\sfml_temp.vcxproj", "{E80B6922-1730-457C-977D-1F11A10FFBED}"
EndProject
Project("{8BC9CEB8-8B4A-11D0-8D11-00A0C91BC942}") = "long_float_stuff", "long_float_stuff\temp5.vcxproj", "{CF980384-CFBB-4FFA-94E5-84802970E185}"
EndProject
Project("{8BC9CEB8-8B4A-11D0-8D11-00A0C91BC942}") = "SFML_life_simulation", "SFML_life_simulation\SFML_life_simulation.vcxproj", "{F4BE12D9-7A54-43E9-A5C8-7E9466BAB0E4}"
EndProject
Project("{8BC9CEB8-8B4A-11D0-8D11-00A0C91BC942}") = "temp_lib", "temp_lib\temp_lib.vcxproj", "{1E0836BA-A2A8-437D-A083-F897B8F11EEC}"
EndProject
Project("{8BC9CEB8-8B4A-11D0-8D11-00A0C91BC942}") = "code_injecter", "code_injecter\temp.vcxproj", "{179853E6-C447-43E6-B829-82ACB1D67C07}"
EndProject
Project("{888888A0-9F3D-457C-B088-3A5042F75D52}") = "Ptemp", "Ptemp\Ptemp.pyproj", "{9D3AD2CC-8B69-4D31-B229-8B6B03C018CE}"
EndProject
Project("{8BC9CEB8-8B4A-11D0-8D11-00A0C91BC942}") = "plotter", "plotter\temp6.vcxproj", "{88490C2C-E759-4FBC-820E-C59501B5566B}"
EndProject
Project("{8BC9CEB8-8B4A-11D0-8D11-00A0C91BC942}") = "OpenGL_example", "temp7\temp7.vcxproj", "{3626F764-4316-463F-9A1F-2B47BA9593CB}"
EndProject
Project("{8BC9CEB8-8B4A-11D0-8D11-00A0C91BC942}") = "multiplier", "temp8\temp8.vcxproj", "{509B86FD-CB94-4F2A-B182-C4D2B9E4242D}"
EndProject
Project("{888888A0-9F3D-457C-B088-3A5042F75D52}") = "Ptemp2", "Ptemp2\Ptemp2.pyproj", "{9D4B095C-75E1-4B49-9827-6DF42CB5DED3}"
EndProject
Project("{8BC9CEB8-8B4A-11D0-8D11-00A0C91BC942}") = "merge_sort_o1_space", "temp9\temp9.vcxproj", "{1337D9CE-2357-45DF-AFCB-B03AE716FC98}"
EndProject
Project("{8BC9CEB8-8B4A-11D0-8D11-00A0C91BC942}") = "OpenCL_test", "temp10\temp10.vcxproj", "{4B8D4510-F904-434F-B895-4D5DCE39B0F2}"
EndProject
Project("{8BC9CEB8-8B4A-11D0-8D11-00A0C91BC942}") = "calculus_stuff", "temp11\temp11.vcxproj", "{874570E7-5C7A-476D-A20D-6EAE197CC758}"
EndProject
Project("{8BC9CEB8-8B4A-11D0-8D11-00A0C91BC942}") = "sock_project", "sock_project\sock_project.vcxproj", "{B8A5AFF7-062A-4833-ABFC-F9AADD042E1C}"
EndProject
Project("{8BC9CEB8-8B4A-11D0-8D11-00A0C91BC942}") = "OpenGL_mandelbrot_set", "OpenGL_mandelbrot_set\OpenGL_mandelbrot_set.vcxproj", "{065CA73A-CFC8-4EDC-9CB9-DB0CE966AA95}"
EndProject
Project("{8BC9CEB8-8B4A-11D0-8D11-00A0C91BC942}") = "stacktrace-ish_thing", "stacktrace\stacktrace.vcxproj", "{103DBC82-E2F0-491D-8229-3F40D301FAA6}"
EndProject
Project("{8BC9CEB8-8B4A-11D0-8D11-00A0C91BC942}") = "OpenGL-test", "OpenGL-wgl\OpenGL-wgl.vcxproj", "{CE9CA836-8DBF-46E8-B56E-D8DB91C3A4A9}"
EndProject
Project("{8BC9CEB8-8B4A-11D0-8D11-00A0C91BC942}") = "OpenCL_benchmark", "temp12\temp12.vcxproj", "{FF1418AE-C7AE-4121-8749-95A0FF4A4B3E}"
EndProject
Project("{8BC9CEB8-8B4A-11D0-8D11-00A0C91BC942}") = "test_nolibs", "test_nolibs\test_nolibs.vcxproj", "{4F2B0FEC-2755-465F-8E31-362FC6792E14}"
EndProject
Project("{8BC9CEB8-8B4A-11D0-8D11-00A0C91BC942}") = "test_avx512", "test_avx512\test_avx512.vcxproj", "{7BAF4315-83C8-4EF3-BECE-0CD811969815}"
EndProject
Project("{8BC9CEB8-8B4A-11D0-8D11-00A0C91BC942}") = "temp13", "temp13\temp13.vcxproj", "{A09DCE8F-A142-4719-BE27-9968B782A91E}"
EndProject
Global
	GlobalSection(SolutionConfigurationPlatforms) = preSolution
		Debug|x64 = Debug|x64
		Debug|x86 = Debug|x86
		Release|x64 = Release|x64
		Release|x86 = Release|x86
	EndGlobalSection
	GlobalSection(ProjectConfigurationPlatforms) = postSolution
		{83E6E63B-3F37-422C-B9AF-5808762A119C}.Debug|x64.ActiveCfg = Debug|x64
		{83E6E63B-3F37-422C-B9AF-5808762A119C}.Debug|x64.Build.0 = Debug|x64
		{83E6E63B-3F37-422C-B9AF-5808762A119C}.Debug|x86.ActiveCfg = Debug|Win32
		{83E6E63B-3F37-422C-B9AF-5808762A119C}.Debug|x86.Build.0 = Debug|Win32
		{83E6E63B-3F37-422C-B9AF-5808762A119C}.Release|x64.ActiveCfg = Release|x64
		{83E6E63B-3F37-422C-B9AF-5808762A119C}.Release|x64.Build.0 = Release|x64
		{83E6E63B-3F37-422C-B9AF-5808762A119C}.Release|x86.ActiveCfg = Release|Win32
		{83E6E63B-3F37-422C-B9AF-5808762A119C}.Release|x86.Build.0 = Release|Win32
		{81378CDB-CB2D-4046-BE0B-CB7B32FC4573}.Debug|x64.ActiveCfg = Debug|x64
		{81378CDB-CB2D-4046-BE0B-CB7B32FC4573}.Debug|x64.Build.0 = Debug|x64
		{81378CDB-CB2D-4046-BE0B-CB7B32FC4573}.Debug|x86.ActiveCfg = Debug|Win32
		{81378CDB-CB2D-4046-BE0B-CB7B32FC4573}.Debug|x86.Build.0 = Debug|Win32
		{81378CDB-CB2D-4046-BE0B-CB7B32FC4573}.Release|x64.ActiveCfg = Release|x64
		{81378CDB-CB2D-4046-BE0B-CB7B32FC4573}.Release|x64.Build.0 = Release|x64
		{81378CDB-CB2D-4046-BE0B-CB7B32FC4573}.Release|x86.ActiveCfg = Release|Win32
		{81378CDB-CB2D-4046-BE0B-CB7B32FC4573}.Release|x86.Build.0 = Release|Win32
		{F862CAF1-D776-4CA9-A803-99773C837442}.Debug|x64.ActiveCfg = Debug|x64
		{F862CAF1-D776-4CA9-A803-99773C837442}.Debug|x64.Build.0 = Debug|x64
		{F862CAF1-D776-4CA9-A803-99773C837442}.Debug|x86.ActiveCfg = Debug|Win32
		{F862CAF1-D776-4CA9-A803-99773C837442}.Debug|x86.Build.0 = Debug|Win32
		{F862CAF1-D776-4CA9-A803-99773C837442}.Release|x64.ActiveCfg = Release|x64
		{F862CAF1-D776-4CA9-A803-99773C837442}.Release|x64.Build.0 = Release|x64
		{F862CAF1-D776-4CA9-A803-99773C837442}.Release|x86.ActiveCfg = Release|Win32
		{F862CAF1-D776-4CA9-A803-99773C837442}.Release|x86.Build.0 = Release|Win32
		{83905D80-968F-4EBF-95E2-2915B422C3D4}.Debug|x64.ActiveCfg = Debug|x64
		{83905D80-968F-4EBF-95E2-2915B422C3D4}.Debug|x64.Build.0 = Debug|x64
		{83905D80-968F-4EBF-95E2-2915B422C3D4}.Debug|x86.ActiveCfg = Debug|Win32
		{83905D80-968F-4EBF-95E2-2915B422C3D4}.Debug|x86.Build.0 = Debug|Win32
		{83905D80-968F-4EBF-95E2-2915B422C3D4}.Release|x64.ActiveCfg = Release|x64
		{83905D80-968F-4EBF-95E2-2915B422C3D4}.Release|x64.Build.0 = Release|x64
		{83905D80-968F-4EBF-95E2-2915B422C3D4}.Release|x86.ActiveCfg = Release|Win32
		{83905D80-968F-4EBF-95E2-2915B422C3D4}.Release|x86.Build.0 = Release|Win32
		{50AADA28-6562-4A66-86BB-9661204B86F4}.Debug|x64.ActiveCfg = Debug|x64
		{50AADA28-6562-4A66-86BB-9661204B86F4}.Debug|x64.Build.0 = Debug|x64
		{50AADA28-6562-4A66-86BB-9661204B86F4}.Debug|x86.ActiveCfg = Debug|Win32
		{50AADA28-6562-4A66-86BB-9661204B86F4}.Debug|x86.Build.0 = Debug|Win32
		{50AADA28-6562-4A66-86BB-9661204B86F4}.Release|x64.ActiveCfg = Release|x64
		{50AADA28-6562-4A66-86BB-9661204B86F4}.Release|x64.Build.0 = Release|x64
		{50AADA28-6562-4A66-86BB-9661204B86F4}.Release|x86.ActiveCfg = Release|Win32
		{50AADA28-6562-4A66-86BB-9661204B86F4}.Release|x86.Build.0 = Release|Win32
		{B865E8A3-CAC1-45A4-BAA8-B33F3E093034}.Debug|x64.ActiveCfg = Debug|x64
		{B865E8A3-CAC1-45A4-BAA8-B33F3E093034}.Debug|x64.Build.0 = Debug|x64
		{B865E8A3-CAC1-45A4-BAA8-B33F3E093034}.Debug|x86.ActiveCfg = Debug|Win32
		{B865E8A3-CAC1-45A4-BAA8-B33F3E093034}.Debug|x86.Build.0 = Debug|Win32
		{B865E8A3-CAC1-45A4-BAA8-B33F3E093034}.Release|x64.ActiveCfg = Release|x64
		{B865E8A3-CAC1-45A4-BAA8-B33F3E093034}.Release|x64.Build.0 = Release|x64
		{B865E8A3-CAC1-45A4-BAA8-B33F3E093034}.Release|x86.ActiveCfg = Release|Win32
		{B865E8A3-CAC1-45A4-BAA8-B33F3E093034}.Release|x86.Build.0 = Release|Win32
		{39EA7E16-949B-4B04-9B12-FB7ED81901FF}.Debug|x64.ActiveCfg = Debug|x64
		{39EA7E16-949B-4B04-9B12-FB7ED81901FF}.Debug|x64.Build.0 = Debug|x64
		{39EA7E16-949B-4B04-9B12-FB7ED81901FF}.Debug|x86.ActiveCfg = Debug|Win32
		{39EA7E16-949B-4B04-9B12-FB7ED81901FF}.Debug|x86.Build.0 = Debug|Win32
		{39EA7E16-949B-4B04-9B12-FB7ED81901FF}.Release|x64.ActiveCfg = Release|x64
		{39EA7E16-949B-4B04-9B12-FB7ED81901FF}.Release|x64.Build.0 = Release|x64
		{39EA7E16-949B-4B04-9B12-FB7ED81901FF}.Release|x86.ActiveCfg = Release|Win32
		{39EA7E16-949B-4B04-9B12-FB7ED81901FF}.Release|x86.Build.0 = Release|Win32
		{47B87F62-075B-4C9B-866E-4B78BCD7850A}.Debug|x64.ActiveCfg = Debug|x64
		{47B87F62-075B-4C9B-866E-4B78BCD7850A}.Debug|x64.Build.0 = Debug|x64
		{47B87F62-075B-4C9B-866E-4B78BCD7850A}.Debug|x86.ActiveCfg = Debug|Win32
		{47B87F62-075B-4C9B-866E-4B78BCD7850A}.Debug|x86.Build.0 = Debug|Win32
		{47B87F62-075B-4C9B-866E-4B78BCD7850A}.Release|x64.ActiveCfg = Release|x64
		{47B87F62-075B-4C9B-866E-4B78BCD7850A}.Release|x64.Build.0 = Release|x64
		{47B87F62-075B-4C9B-866E-4B78BCD7850A}.Release|x86.ActiveCfg = Release|Win32
		{47B87F62-075B-4C9B-866E-4B78BCD7850A}.Release|x86.Build.0 = Release|Win32
		{657B3304-5907-444B-8043-CEA365CFA359}.Debug|x64.ActiveCfg = Debug|x64
		{657B3304-5907-444B-8043-CEA365CFA359}.Debug|x64.Build.0 = Debug|x64
		{657B3304-5907-444B-8043-CEA365CFA359}.Debug|x86.ActiveCfg = Debug|Win32
		{657B3304-5907-444B-8043-CEA365CFA359}.Debug|x86.Build.0 = Debug|Win32
		{657B3304-5907-444B-8043-CEA365CFA359}.Release|x64.ActiveCfg = Release|x64
		{657B3304-5907-444B-8043-CEA365CFA359}.Release|x64.Build.0 = Release|x64
		{657B3304-5907-444B-8043-CEA365CFA359}.Release|x86.ActiveCfg = Release|Win32
		{657B3304-5907-444B-8043-CEA365CFA359}.Release|x86.Build.0 = Release|Win32
		{D452E521-CA58-4106-A353-1545389D21CC}.Debug|x64.ActiveCfg = Debug|x64
		{D452E521-CA58-4106-A353-1545389D21CC}.Debug|x64.Build.0 = Debug|x64
		{D452E521-CA58-4106-A353-1545389D21CC}.Debug|x86.ActiveCfg = Debug|Win32
		{D452E521-CA58-4106-A353-1545389D21CC}.Debug|x86.Build.0 = Debug|Win32
		{D452E521-CA58-4106-A353-1545389D21CC}.Release|x64.ActiveCfg = Release|x64
		{D452E521-CA58-4106-A353-1545389D21CC}.Release|x64.Build.0 = Release|x64
		{D452E521-CA58-4106-A353-1545389D21CC}.Release|x86.ActiveCfg = Release|Win32
		{D452E521-CA58-4106-A353-1545389D21CC}.Release|x86.Build.0 = Release|Win32
		{A404E68F-EC35-4C6D-8D79-742E26A9A5EB}.Debug|x64.ActiveCfg = Debug|x64
		{A404E68F-EC35-4C6D-8D79-742E26A9A5EB}.Debug|x64.Build.0 = Debug|x64
		{A404E68F-EC35-4C6D-8D79-742E26A9A5EB}.Debug|x86.ActiveCfg = Debug|Win32
		{A404E68F-EC35-4C6D-8D79-742E26A9A5EB}.Debug|x86.Build.0 = Debug|Win32
		{A404E68F-EC35-4C6D-8D79-742E26A9A5EB}.Release|x64.ActiveCfg = Release|x64
		{A404E68F-EC35-4C6D-8D79-742E26A9A5EB}.Release|x64.Build.0 = Release|x64
		{A404E68F-EC35-4C6D-8D79-742E26A9A5EB}.Release|x86.ActiveCfg = Release|Win32
		{A404E68F-EC35-4C6D-8D79-742E26A9A5EB}.Release|x86.Build.0 = Release|Win32
		{3E186CD7-B712-4686-A777-56EFB8168371}.Debug|x64.ActiveCfg = Debug|x64
		{3E186CD7-B712-4686-A777-56EFB8168371}.Debug|x64.Build.0 = Debug|x64
		{3E186CD7-B712-4686-A777-56EFB8168371}.Debug|x86.ActiveCfg = Debug|Win32
		{3E186CD7-B712-4686-A777-56EFB8168371}.Debug|x86.Build.0 = Debug|Win32
		{3E186CD7-B712-4686-A777-56EFB8168371}.Release|x64.ActiveCfg = Release|x64
		{3E186CD7-B712-4686-A777-56EFB8168371}.Release|x64.Build.0 = Release|x64
		{3E186CD7-B712-4686-A777-56EFB8168371}.Release|x86.ActiveCfg = Release|Win32
		{3E186CD7-B712-4686-A777-56EFB8168371}.Release|x86.Build.0 = Release|Win32
		{343BAB70-446D-4129-A63A-1DC3727EF3D0}.Debug|x64.ActiveCfg = Debug|x64
		{343BAB70-446D-4129-A63A-1DC3727EF3D0}.Debug|x64.Build.0 = Debug|x64
		{343BAB70-446D-4129-A63A-1DC3727EF3D0}.Debug|x86.ActiveCfg = Debug|Win32
		{343BAB70-446D-4129-A63A-1DC3727EF3D0}.Debug|x86.Build.0 = Debug|Win32
		{343BAB70-446D-4129-A63A-1DC3727EF3D0}.Release|x64.ActiveCfg = Release|x64
		{343BAB70-446D-4129-A63A-1DC3727EF3D0}.Release|x64.Build.0 = Release|x64
		{343BAB70-446D-4129-A63A-1DC3727EF3D0}.Release|x86.ActiveCfg = Release|Win32
		{343BAB70-446D-4129-A63A-1DC3727EF3D0}.Release|x86.Build.0 = Release|Win32
		{E80B6922-1730-457C-977D-1F11A10FFBED}.Debug|x64.ActiveCfg = Debug|x64
		{E80B6922-1730-457C-977D-1F11A10FFBED}.Debug|x64.Build.0 = Debug|x64
		{E80B6922-1730-457C-977D-1F11A10FFBED}.Debug|x86.ActiveCfg = Debug|Win32
		{E80B6922-1730-457C-977D-1F11A10FFBED}.Debug|x86.Build.0 = Debug|Win32
		{E80B6922-1730-457C-977D-1F11A10FFBED}.Release|x64.ActiveCfg = Release|x64
		{E80B6922-1730-457C-977D-1F11A10FFBED}.Release|x64.Build.0 = Release|x64
		{E80B6922-1730-457C-977D-1F11A10FFBED}.Release|x86.ActiveCfg = Release|Win32
		{E80B6922-1730-457C-977D-1F11A10FFBED}.Release|x86.Build.0 = Release|Win32
		{CF980384-CFBB-4FFA-94E5-84802970E185}.Debug|x64.ActiveCfg = Debug|x64
		{CF980384-CFBB-4FFA-94E5-84802970E185}.Debug|x64.Build.0 = Debug|x64
		{CF980384-CFBB-4FFA-94E5-84802970E185}.Debug|x86.ActiveCfg = Debug|Win32
		{CF980384-CFBB-4FFA-94E5-84802970E185}.Debug|x86.Build.0 = Debug|Win32
		{CF980384-CFBB-4FFA-94E5-84802970E185}.Release|x64.ActiveCfg = Release|x64
		{CF980384-CFBB-4FFA-94E5-84802970E185}.Release|x64.Build.0 = Release|x64
		{CF980384-CFBB-4FFA-94E5-84802970E185}.Release|x86.ActiveCfg = Release|Win32
		{CF980384-CFBB-4FFA-94E5-84802970E185}.Release|x86.Build.0 = Release|Win32
		{F4BE12D9-7A54-43E9-A5C8-7E9466BAB0E4}.Debug|x64.ActiveCfg = Debug|x64
		{F4BE12D9-7A54-43E9-A5C8-7E9466BAB0E4}.Debug|x64.Build.0 = Debug|x64
		{F4BE12D9-7A54-43E9-A5C8-7E9466BAB0E4}.Debug|x86.ActiveCfg = Debug|Win32
		{F4BE12D9-7A54-43E9-A5C8-7E9466BAB0E4}.Debug|x86.Build.0 = Debug|Win32
		{F4BE12D9-7A54-43E9-A5C8-7E9466BAB0E4}.Release|x64.ActiveCfg = Release|x64
		{F4BE12D9-7A54-43E9-A5C8-7E9466BAB0E4}.Release|x64.Build.0 = Release|x64
		{F4BE12D9-7A54-43E9-A5C8-7E9466BAB0E4}.Release|x86.ActiveCfg = Release|Win32
		{F4BE12D9-7A54-43E9-A5C8-7E9466BAB0E4}.Release|x86.Build.0 = Release|Win32
		{1E0836BA-A2A8-437D-A083-F897B8F11EEC}.Debug|x64.ActiveCfg = Debug|x64
		{1E0836BA-A2A8-437D-A083-F897B8F11EEC}.Debug|x64.Build.0 = Debug|x64
		{1E0836BA-A2A8-437D-A083-F897B8F11EEC}.Debug|x86.ActiveCfg = Debug|Win32
		{1E0836BA-A2A8-437D-A083-F897B8F11EEC}.Debug|x86.Build.0 = Debug|Win32
		{1E0836BA-A2A8-437D-A083-F897B8F11EEC}.Release|x64.ActiveCfg = Release|x64
		{1E0836BA-A2A8-437D-A083-F897B8F11EEC}.Release|x64.Build.0 = Release|x64
		{1E0836BA-A2A8-437D-A083-F897B8F11EEC}.Release|x86.ActiveCfg = Release|Win32
		{1E0836BA-A2A8-437D-A083-F897B8F11EEC}.Release|x86.Build.0 = Release|Win32
		{179853E6-C447-43E6-B829-82ACB1D67C07}.Debug|x64.ActiveCfg = Debug|x64
		{179853E6-C447-43E6-B829-82ACB1D67C07}.Debug|x64.Build.0 = Debug|x64
		{179853E6-C447-43E6-B829-82ACB1D67C07}.Debug|x86.ActiveCfg = Debug|Win32
		{179853E6-C447-43E6-B829-82ACB1D67C07}.Debug|x86.Build.0 = Debug|Win32
		{179853E6-C447-43E6-B829-82ACB1D67C07}.Release|x64.ActiveCfg = Release|x64
		{179853E6-C447-43E6-B829-82ACB1D67C07}.Release|x64.Build.0 = Release|x64
		{179853E6-C447-43E6-B829-82ACB1D67C07}.Release|x86.ActiveCfg = Release|Win32
		{179853E6-C447-43E6-B829-82ACB1D67C07}.Release|x86.Build.0 = Release|Win32
		{9D3AD2CC-8B69-4D31-B229-8B6B03C018CE}.Debug|x64.ActiveCfg = Debug|Any CPU
		{9D3AD2CC-8B69-4D31-B229-8B6B03C018CE}.Debug|x86.ActiveCfg = Debug|Any CPU
		{9D3AD2CC-8B69-4D31-B229-8B6B03C018CE}.Release|x64.ActiveCfg = Release|Any CPU
		{9D3AD2CC-8B69-4D31-B229-8B6B03C018CE}.Release|x86.ActiveCfg = Release|Any CPU
		{88490C2C-E759-4FBC-820E-C59501B5566B}.Debug|x64.ActiveCfg = Debug|x64
		{88490C2C-E759-4FBC-820E-C59501B5566B}.Debug|x64.Build.0 = Debug|x64
		{88490C2C-E759-4FBC-820E-C59501B5566B}.Debug|x86.ActiveCfg = Debug|Win32
		{88490C2C-E759-4FBC-820E-C59501B5566B}.Debug|x86.Build.0 = Debug|Win32
		{88490C2C-E759-4FBC-820E-C59501B5566B}.Release|x64.ActiveCfg = Release|x64
		{88490C2C-E759-4FBC-820E-C59501B5566B}.Release|x64.Build.0 = Release|x64
		{88490C2C-E759-4FBC-820E-C59501B5566B}.Release|x86.ActiveCfg = Release|Win32
		{88490C2C-E759-4FBC-820E-C59501B5566B}.Release|x86.Build.0 = Release|Win32
		{3626F764-4316-463F-9A1F-2B47BA9593CB}.Debug|x64.ActiveCfg = Debug|x64
		{3626F764-4316-463F-9A1F-2B47BA9593CB}.Debug|x64.Build.0 = Debug|x64
		{3626F764-4316-463F-9A1F-2B47BA9593CB}.Debug|x86.ActiveCfg = Debug|Win32
		{3626F764-4316-463F-9A1F-2B47BA9593CB}.Debug|x86.Build.0 = Debug|Win32
		{3626F764-4316-463F-9A1F-2B47BA9593CB}.Release|x64.ActiveCfg = Release|x64
		{3626F764-4316-463F-9A1F-2B47BA9593CB}.Release|x64.Build.0 = Release|x64
		{3626F764-4316-463F-9A1F-2B47BA9593CB}.Release|x86.ActiveCfg = Release|Win32
		{3626F764-4316-463F-9A1F-2B47BA9593CB}.Release|x86.Build.0 = Release|Win32
		{509B86FD-CB94-4F2A-B182-C4D2B9E4242D}.Debug|x64.ActiveCfg = Debug|x64
		{509B86FD-CB94-4F2A-B182-C4D2B9E4242D}.Debug|x64.Build.0 = Debug|x64
		{509B86FD-CB94-4F2A-B182-C4D2B9E4242D}.Debug|x86.ActiveCfg = Debug|Win32
		{509B86FD-CB94-4F2A-B182-C4D2B9E4242D}.Debug|x86.Build.0 = Debug|Win32
		{509B86FD-CB94-4F2A-B182-C4D2B9E4242D}.Release|x64.ActiveCfg = Release|x64
		{509B86FD-CB94-4F2A-B182-C4D2B9E4242D}.Release|x64.Build.0 = Release|x64
		{509B86FD-CB94-4F2A-B182-C4D2B9E4242D}.Release|x86.ActiveCfg = Release|Win32
		{509B86FD-CB94-4F2A-B182-C4D2B9E4242D}.Release|x86.Build.0 = Release|Win32
		{9D4B095C-75E1-4B49-9827-6DF42CB5DED3}.Debug|x64.ActiveCfg = Debug|Any CPU
		{9D4B095C-75E1-4B49-9827-6DF42CB5DED3}.Debug|x86.ActiveCfg = Debug|Any CPU
		{9D4B095C-75E1-4B49-9827-6DF42CB5DED3}.Release|x64.ActiveCfg = Release|Any CPU
		{9D4B095C-75E1-4B49-9827-6DF42CB5DED3}.Release|x86.ActiveCfg = Release|Any CPU
		{1337D9CE-2357-45DF-AFCB-B03AE716FC98}.Debug|x64.ActiveCfg = Debug|x64
		{1337D9CE-2357-45DF-AFCB-B03AE716FC98}.Debug|x64.Build.0 = Debug|x64
		{1337D9CE-2357-45DF-AFCB-B03AE716FC98}.Debug|x86.ActiveCfg = Debug|Win32
		{1337D9CE-2357-45DF-AFCB-B03AE716FC98}.Debug|x86.Build.0 = Debug|Win32
		{1337D9CE-2357-45DF-AFCB-B03AE716FC98}.Release|x64.ActiveCfg = Release|x64
		{1337D9CE-2357-45DF-AFCB-B03AE716FC98}.Release|x64.Build.0 = Release|x64
		{1337D9CE-2357-45DF-AFCB-B03AE716FC98}.Release|x86.ActiveCfg = Release|Win32
		{1337D9CE-2357-45DF-AFCB-B03AE716FC98}.Release|x86.Build.0 = Release|Win32
		{4B8D4510-F904-434F-B895-4D5DCE39B0F2}.Debug|x64.ActiveCfg = Debug|x64
		{4B8D4510-F904-434F-B895-4D5DCE39B0F2}.Debug|x64.Build.0 = Debug|x64
		{4B8D4510-F904-434F-B895-4D5DCE39B0F2}.Debug|x86.ActiveCfg = Debug|Win32
		{4B8D4510-F904-434F-B895-4D5DCE39B0F2}.Debug|x86.Build.0 = Debug|Win32
		{4B8D4510-F904-434F-B895-4D5DCE39B0F2}.Release|x64.ActiveCfg = Release|x64
		{4B8D4510-F904-434F-B895-4D5DCE39B0F2}.Release|x64.Build.0 = Release|x64
		{4B8D4510-F904-434F-B895-4D5DCE39B0F2}.Release|x86.ActiveCfg = Release|Win32
		{4B8D4510-F904-434F-B895-4D5DCE39B0F2}.Release|x86.Build.0 = Release|Win32
		{874570E7-5C7A-476D-A20D-6EAE197CC758}.Debug|x64.ActiveCfg = Debug|x64
		{874570E7-5C7A-476D-A20D-6EAE197CC758}.Debug|x64.Build.0 = Debug|x64
		{874570E7-5C7A-476D-A20D-6EAE197CC758}.Debug|x86.ActiveCfg = Debug|Win32
		{874570E7-5C7A-476D-A20D-6EAE197CC758}.Debug|x86.Build.0 = Debug|Win32
		{874570E7-5C7A-476D-A20D-6EAE197CC758}.Release|x64.ActiveCfg = Release|x64
		{874570E7-5C7A-476D-A20D-6EAE197CC758}.Release|x64.Build.0 = Release|x64
		{874570E7-5C7A-476D-A20D-6EAE197CC758}.Release|x86.ActiveCfg = Release|Win32
		{874570E7-5C7A-476D-A20D-6EAE197CC758}.Release|x86.Build.0 = Release|Win32
		{B8A5AFF7-062A-4833-ABFC-F9AADD042E1C}.Debug|x64.ActiveCfg = Debug|x64
		{B8A5AFF7-062A-4833-ABFC-F9AADD042E1C}.Debug|x64.Build.0 = Debug|x64
		{B8A5AFF7-062A-4833-ABFC-F9AADD042E1C}.Debug|x86.ActiveCfg = Debug|Win32
		{B8A5AFF7-062A-4833-ABFC-F9AADD042E1C}.Debug|x86.Build.0 = Debug|Win32
		{B8A5AFF7-062A-4833-ABFC-F9AADD042E1C}.Release|x64.ActiveCfg = Release|x64
		{B8A5AFF7-062A-4833-ABFC-F9AADD042E1C}.Release|x64.Build.0 = Release|x64
		{B8A5AFF7-062A-4833-ABFC-F9AADD042E1C}.Release|x86.ActiveCfg = Release|Win32
		{B8A5AFF7-062A-4833-ABFC-F9AADD042E1C}.Release|x86.Build.0 = Release|Win32
		{065CA73A-CFC8-4EDC-9CB9-DB0CE966AA95}.Debug|x64.ActiveCfg = Debug|x64
		{065CA73A-CFC8-4EDC-9CB9-DB0CE966AA95}.Debug|x64.Build.0 = Debug|x64
		{065CA73A-CFC8-4EDC-9CB9-DB0CE966AA95}.Debug|x86.ActiveCfg = Debug|Win32
		{065CA73A-CFC8-4EDC-9CB9-DB0CE966AA95}.Debug|x86.Build.0 = Debug|Win32
		{065CA73A-CFC8-4EDC-9CB9-DB0CE966AA95}.Release|x64.ActiveCfg = Release|x64
		{065CA73A-CFC8-4EDC-9CB9-DB0CE966AA95}.Release|x64.Build.0 = Release|x64
		{065CA73A-CFC8-4EDC-9CB9-DB0CE966AA95}.Release|x86.ActiveCfg = Release|Win32
		{065CA73A-CFC8-4EDC-9CB9-DB0CE966AA95}.Release|x86.Build.0 = Release|Win32
		{103DBC82-E2F0-491D-8229-3F40D301FAA6}.Debug|x64.ActiveCfg = Debug|x64
		{103DBC82-E2F0-491D-8229-3F40D301FAA6}.Debug|x64.Build.0 = Debug|x64
		{103DBC82-E2F0-491D-8229-3F40D301FAA6}.Debug|x86.ActiveCfg = Debug|Win32
		{103DBC82-E2F0-491D-8229-3F40D301FAA6}.Debug|x86.Build.0 = Debug|Win32
		{103DBC82-E2F0-491D-8229-3F40D301FAA6}.Release|x64.ActiveCfg = Release|x64
		{103DBC82-E2F0-491D-8229-3F40D301FAA6}.Release|x64.Build.0 = Release|x64
		{103DBC82-E2F0-491D-8229-3F40D301FAA6}.Release|x86.ActiveCfg = Release|Win32
		{103DBC82-E2F0-491D-8229-3F40D301FAA6}.Release|x86.Build.0 = Release|Win32
		{CE9CA836-8DBF-46E8-B56E-D8DB91C3A4A9}.Debug|x64.ActiveCfg = Debug|x64
		{CE9CA836-8DBF-46E8-B56E-D8DB91C3A4A9}.Debug|x64.Build.0 = Debug|x64
		{CE9CA836-8DBF-46E8-B56E-D8DB91C3A4A9}.Debug|x86.ActiveCfg = Debug|Win32
		{CE9CA836-8DBF-46E8-B56E-D8DB91C3A4A9}.Debug|x86.Build.0 = Debug|Win32
		{CE9CA836-8DBF-46E8-B56E-D8DB91C3A4A9}.Release|x64.ActiveCfg = Release|x64
		{CE9CA836-8DBF-46E8-B56E-D8DB91C3A4A9}.Release|x64.Build.0 = Release|x64
		{CE9CA836-8DBF-46E8-B56E-D8DB91C3A4A9}.Release|x86.ActiveCfg = Release|Win32
		{CE9CA836-8DBF-46E8-B56E-D8DB91C3A4A9}.Release|x86.Build.0 = Release|Win32
		{FF1418AE-C7AE-4121-8749-95A0FF4A4B3E}.Debug|x64.ActiveCfg = Debug|x64
		{FF1418AE-C7AE-4121-8749-95A0FF4A4B3E}.Debug|x64.Build.0 = Debug|x64
		{FF1418AE-C7AE-4121-8749-95A0FF4A4B3E}.Debug|x86.ActiveCfg = Debug|Win32
		{FF1418AE-C7AE-4121-8749-95A0FF4A4B3E}.Debug|x86.Build.0 = Debug|Win32
		{FF1418AE-C7AE-4121-8749-95A0FF4A4B3E}.Release|x64.ActiveCfg = Release|x64
		{FF1418AE-C7AE-4121-8749-95A0FF4A4B3E}.Release|x64.Build.0 = Release|x64
		{FF1418AE-C7AE-4121-8749-95A0FF4A4B3E}.Release|x86.ActiveCfg = Release|Win32
		{FF1418AE-C7AE-4121-8749-95A0FF4A4B3E}.Release|x86.Build.0 = Release|Win32
		{4F2B0FEC-2755-465F-8E31-362FC6792E14}.Debug|x64.ActiveCfg = Debug|x64
		{4F2B0FEC-2755-465F-8E31-362FC6792E14}.Debug|x64.Build.0 = Debug|x64
		{4F2B0FEC-2755-465F-8E31-362FC6792E14}.Debug|x86.ActiveCfg = Debug|Win32
		{4F2B0FEC-2755-465F-8E31-362FC6792E14}.Debug|x86.Build.0 = Debug|Win32
		{4F2B0FEC-2755-465F-8E31-362FC6792E14}.Release|x64.ActiveCfg = Release|x64
		{4F2B0FEC-2755-465F-8E31-362FC6792E14}.Release|x64.Build.0 = Release|x64
		{4F2B0FEC-2755-465F-8E31-362FC6792E14}.Release|x86.ActiveCfg = Release|Win32
		{4F2B0FEC-2755-465F-8E31-362FC6792E14}.Release|x86.Build.0 = Release|Win32
		{7BAF4315-83C8-4EF3-BECE-0CD811969815}.Debug|x64.ActiveCfg = Debug|x64
		{7BAF4315-83C8-4EF3-BECE-0CD811969815}.Debug|x64.Build.0 = Debug|x64
		{7BAF4315-83C8-4EF3-BECE-0CD811969815}.Debug|x86.ActiveCfg = Debug|Win32
		{7BAF4315-83C8-4EF3-BECE-0CD811969815}.Debug|x86.Build.0 = Debug|Win32
		{7BAF4315-83C8-4EF3-BECE-0CD811969815}.Release|x64.ActiveCfg = Release|x64
		{7BAF4315-83C8-4EF3-BECE-0CD811969815}.Release|x64.Build.0 = Release|x64
		{7BAF4315-83C8-4EF3-BECE-0CD811969815}.Release|x86.ActiveCfg = Release|Win32
		{7BAF4315-83C8-4EF3-BECE-0CD811969815}.Release|x86.Build.0 = Release|Win32
		{A09DCE8F-A142-4719-BE27-9968B782A91E}.Debug|x64.ActiveCfg = Debug|x64
		{A09DCE8F-A142-4719-BE27-9968B782A91E}.Debug|x64.Build.0 = Debug|x64
		{A09DCE8F-A142-4719-BE27-9968B782A91E}.Debug|x86.ActiveCfg = Debug|Win32
		{A09DCE8F-A142-4719-BE27-9968B782A91E}.Debug|x86.Build.0 = Debug|Win32
		{A09DCE8F-A142-4719-BE27-9968B782A91E}.Release|x64.ActiveCfg = Release|x64
		{A09DCE8F-A142-4719-BE27-9968B782A91E}.Release|x64.Build.0 = Release|x64
		{A09DCE8F-A142-4719-BE27-9968B782A91E}.Release|x86.ActiveCfg = Release|Win32
		{A09DCE8F-A142-4719-BE27-9968B782A91E}.Release|x86.Build.0 = Release|Win32
	EndGlobalSection
	GlobalSection(SolutionProperties) = preSolution
		HideSolutionNode = FALSE
	EndGlobalSection
	GlobalSection(ExtensibilityGlobals) = postSolution
		SolutionGuid = {712FFE43-6C23-4A33-8AF6-E691D5A82568}
	EndGlobalSection
EndGlobal
