<?xml version="1.0" encoding="utf-8"?>
<Project ToolsVersion="4.0" xmlns="http://schemas.microsoft.com/developer/msbuild/2003">
  <ItemGroup>
    <Filter Include="Source Files">
      <UniqueIdentifier>{4FC737F1-C7A5-4376-A066-2A32D752A2FF}</UniqueIdentifier>
      <Extensions>cpp;c;cc;cxx;c++;cppm;ixx;def;odl;idl;hpj;bat;asm;asmx</Extensions>
    </Filter>
    <Filter Include="Header Files">
      <UniqueIdentifier>{93995380-89BD-4b04-88EB-625FBE52EBFB}</UniqueIdentifier>
      <Extensions>h;hh;hpp;hxx;h++;hm;inl;inc;ipp;xsd</Extensions>
    </Filter>
    <Filter Include="Resource Files">
      <UniqueIdentifier>{67DA6AB6-F800-4c08-8B7A-83BB121AAD01}</UniqueIdentifier>
      <Extensions>rc;ico;cur;bmp;dlg;rc2;rct;bin;rgs;gif;jpg;jpeg;jpe;resx;tiff;tif;png;wav;mfcribbon-ms</Extensions>
    </Filter>
    <Filter Include="Module Files">
      <UniqueIdentifier>{f99fb308-4fad-4327-9e32-7d6d8d67e158}</UniqueIdentifier>
    </Filter>
  </ItemGroup>
  <ItemGroup>
    <ClCompile Include="main.cpp">
      <Filter>Source Files</Filter>
    </ClCompile>
    <ClCompile Include="..\..\libksn_modular\ksn\modules\libksn_math.ixx">
      <Filter>Module Files</Filter>
    </ClCompile>
    <ClCompile Include="..\..\libksn_modular\ksn\modules\libksn_math_common.ixx">
      <Filter>Module Files</Filter>
    </ClCompile>
    <ClCompile Include="..\..\libksn_modular\ksn\modules\libksn_math_modular_arithmetic.ixx">
      <Filter>Module Files</Filter>
    </ClCompile>
    <ClCompile Include="..\..\libksn_modular\ksn\modules\libksn_math_wilcoxon.ixx">
      <Filter>Module Files</Filter>
    </ClCompile>
    <ClCompile Include="..\..\libksn_modular\ksn\modules\libksn_mdvector.ixx">
      <Filter>Module Files</Filter>
    </ClCompile>
    <ClCompile Include="..\..\libksn_modular\ksn\modules\libksn_type_traits.ixx">
      <Filter>Module Files</Filter>
    </ClCompile>
  </ItemGroup>
</Project>