<?xml version="1.0" encoding="utf-8"?>
<Project ToolsVersion="4.0" xmlns="http://schemas.microsoft.com/developer/msbuild/2003">
  <ItemGroup>
    <Filter Include="Исходные файлы">
      <UniqueIdentifier>{4FC737F1-C7A5-4376-A066-2A32D752A2FF}</UniqueIdentifier>
      <Extensions>cpp;c;cc;cxx;def;odl;idl;hpj;bat;asm;asmx</Extensions>
    </Filter>
    <Filter Include="Файлы заголовков">
      <UniqueIdentifier>{93995380-89BD-4b04-88EB-625FBE52EBFB}</UniqueIdentifier>
      <Extensions>h;hh;hpp;hxx;hm;inl;inc;ipp;xsd</Extensions>
    </Filter>
    <Filter Include="Файлы ресурсов">
      <UniqueIdentifier>{67DA6AB6-F800-4c08-8B7A-83BB121AAD01}</UniqueIdentifier>
      <Extensions>rc;ico;cur;bmp;dlg;rc2;rct;bin;rgs;gif;jpg;jpeg;jpe;resx;tiff;tif;png;wav;mfcribbon-ms</Extensions>
    </Filter>
    <Filter Include="Исходные файлы\integer">
      <UniqueIdentifier>{aed2dc77-dec4-4a68-9b97-9d9939fd8f48}</UniqueIdentifier>
    </Filter>
    <Filter Include="Исходные файлы\common">
      <UniqueIdentifier>{c1b28cfe-fc5a-4a9b-adb0-8e17ab052556}</UniqueIdentifier>
    </Filter>
  </ItemGroup>
  <ItemGroup>
    <ClCompile Include="ksn_math_integer_math32_impl.cpp">
      <Filter>Исходные файлы\integer</Filter>
    </ClCompile>
    <ClCompile Include="ksn_math_common_impl64.cpp">
      <Filter>Исходные файлы\common</Filter>
    </ClCompile>
    <ClCompile Include="ksn_math_integer_math64_impl.cpp">
      <Filter>Исходные файлы\integer</Filter>
    </ClCompile>
    <ClCompile Include="ksn_math_integer_impl.cpp">
      <Filter>Исходные файлы\integer</Filter>
    </ClCompile>
    <ClCompile Include="ksn_math_common_impl.cpp">
      <Filter>Исходные файлы\common</Filter>
    </ClCompile>
    <ClCompile Include="ksn_math_common_impl32.cpp">
      <Filter>Исходные файлы\common</Filter>
    </ClCompile>
    <ClCompile Include="ksn_math_trivial_types_impl.cpp">
      <Filter>Исходные файлы</Filter>
    </ClCompile>
    <ClCompile Include="ksn_math_complex_impl.cpp">
      <Filter>Исходные файлы</Filter>
    </ClCompile>
    <ClCompile Include="ksn_math_formula_impl.cpp">
      <Filter>Исходные файлы</Filter>
    </ClCompile>
  </ItemGroup>
  <ItemGroup>
    <Text Include="opcodes.txt" />
    <Text Include="formula_lookup_tables.txt" />
  </ItemGroup>
  <ItemGroup>
    <ClInclude Include="..\..\..\..\ksn\include\ksn\math.hpp">
      <Filter>Файлы заголовков</Filter>
    </ClInclude>
    <ClInclude Include="..\..\..\..\ksn\include\ksn\math_complex.hpp">
      <Filter>Файлы заголовков</Filter>
    </ClInclude>
    <ClInclude Include="..\..\..\..\ksn\include\ksn\math_trivial_types.hpp">
      <Filter>Файлы заголовков</Filter>
    </ClInclude>
    <ClInclude Include="ksn_integer_impl_defines.hpp">
      <Filter>Файлы заголовков</Filter>
    </ClInclude>
    <ClInclude Include="..\..\..\..\ksn\include\ksn\math_common.hpp">
      <Filter>Файлы заголовков</Filter>
    </ClInclude>
    <ClInclude Include="..\..\..\..\ksn\include\ksn\math_formula.hpp">
      <Filter>Файлы заголовков</Filter>
    </ClInclude>
    <ClInclude Include="..\..\..\..\ksn\include\ksn\math_long_integer.hpp">
      <Filter>Файлы заголовков</Filter>
    </ClInclude>
    <ClInclude Include="formula_instructions.hpp">
      <Filter>Файлы заголовков</Filter>
    </ClInclude>
  </ItemGroup>
  <ItemGroup>
    <None Include="cpp.hint" />
  </ItemGroup>
</Project>